// !$*UTF8*$!
{
	archiveVersion = 1;
	classes = {
	};
	objectVersion = 56;
	objects = {

/* Begin PBXBuildFile section */
		002FFB7C69C962F6EDA964C9 /* UserDefaultsManagerTests.swift in Sources */ = {isa = PBXBuildFile; fileRef = BBEF99544122643C1993480F /* UserDefaultsManagerTests.swift */; };
		0231D220B1DD3440E7CAADD1 /* NativeScheduleListView.swift in Sources */ = {isa = PBXBuildFile; fileRef = 4966457FF96D5CB6773C3483 /* NativeScheduleListView.swift */; };
		035F02E6E98DD0D9AE5B71D3 /* MapLoadingOverlay.swift in Sources */ = {isa = PBXBuildFile; fileRef = BB1D9F49827B5A03E90C884C /* MapLoadingOverlay.swift */; };
		05355DF893CDC6A514475030 /* NoticeService.swift in Sources */ = {isa = PBXBuildFile; fileRef = 917653CD5E9DF6A39F3C0D80 /* NoticeService.swift */; };
		05B3502305B5521A68675EF9 /* NetworkErrorTests.swift in Sources */ = {isa = PBXBuildFile; fileRef = 65320A8BB93E6B422E7E9185 /* NetworkErrorTests.swift */; };
		067DD5BC4F9A7B5551B9FD4E /* AppConfiguration.swift in Sources */ = {isa = PBXBuildFile; fileRef = 5276E8F7F9EB554FB0284094 /* AppConfiguration.swift */; };
		06C6150BCC131DA8C2455FF0 /* DataMigration.swift in Sources */ = {isa = PBXBuildFile; fileRef = 0F2025C78F84D972ACF396A1 /* DataMigration.swift */; };
		0982335F7C2A76E6FD160431 /* HapticManager.swift in Sources */ = {isa = PBXBuildFile; fileRef = 01EE0A92648F52B4CE24F7A0 /* HapticManager.swift */; };
		0F10BD14511AFFF3CBE017E5 /* Pods_smap.framework in Frameworks */ = {isa = PBXBuildFile; fileRef = 37FC506E4A26E11B0DA96829 /* Pods_smap.framework */; };
		121DBEF14ECA1DC5F374FDC0 /* SecureFocusField.swift in Sources */ = {isa = PBXBuildFile; fileRef = E77034C856577C9BCFC39234 /* SecureFocusField.swift */; };
		16ADB0E846CAB0CAE24A1698 /* GroupViewModel.swift in Sources */ = {isa = PBXBuildFile; fileRef = 6482EE75F8FB57368F9AA596 /* GroupViewModel.swift */; };
		17CB2A28F3CAA2D170BD8FCF /* PlaceholderTests.swift in Sources */ = {isa = PBXBuildFile; fileRef = A9E2B42038DD89D78086429E /* PlaceholderTests.swift */; };
		1BA2CF580A71FE22D923090F /* MyPlaceViewModel.swift in Sources */ = {isa = PBXBuildFile; fileRef = C553883905483D628F4A4375 /* MyPlaceViewModel.swift */; };
		1CC172CA1B02FC2ADA76D1F8 /* DatePickerWith10MinInterval.swift in Sources */ = {isa = PBXBuildFile; fileRef = C5C9B0F080B4BC5600FCEE94 /* DatePickerWith10MinInterval.swift */; };
		21B1B201D32CBA943DA80918 /* DataMigrationTests.swift in Sources */ = {isa = PBXBuildFile; fileRef = A285D1EDA2D7751AD0989FE6 /* DataMigrationTests.swift */; };
		239BDBDE0C223BAE59D93C24 /* GoogleLogoView.swift in Sources */ = {isa = PBXBuildFile; fileRef = E5DABB42E6265FB9E0530FED /* GoogleLogoView.swift */; };
		2DFB1160235A3F1D99E22B25 /* APIClient.swift in Sources */ = {isa = PBXBuildFile; fileRef = D22CA221744223B0C67BEC1F /* APIClient.swift */; };
		2E54072A092398DCC9D26CD2 /* EditProfileView.swift in Sources */ = {isa = PBXBuildFile; fileRef = 4998585714C98478853DF466 /* EditProfileView.swift */; };
		2F03E9F9C5537F7D6337263F /* FCMService.swift in Sources */ = {isa = PBXBuildFile; fileRef = BC8E7FB0E82B413EEE836BDA /* FCMService.swift */; };
		2F6C4327DCBD332F30081EAB /* APIEndpointTests.swift in Sources */ = {isa = PBXBuildFile; fileRef = CDC76362DAC64DB193EB137B /* APIEndpointTests.swift */; };
		337C1F211D0E71F5EB0F5118 /* ForgotPasswordView.swift in Sources */ = {isa = PBXBuildFile; fileRef = 69787EBD2F135911C7C500D2 /* ForgotPasswordView.swift */; };
		375C873CC460DC9644A11067 /* GroupService.swift in Sources */ = {isa = PBXBuildFile; fileRef = AC62D12FBC527A10551D4FB2 /* GroupService.swift */; };
		3BF99816B5BD5E44DE2C8324 /* FocusableTextField.swift in Sources */ = {isa = PBXBuildFile; fileRef = 48320A69D7851035F3D8E296 /* FocusableTextField.swift */; };
		3CB781560ED5F8A24B9B0F54 /* NotificationViewModel.swift in Sources */ = {isa = PBXBuildFile; fileRef = 285E670B2BE041238BAE16E0 /* NotificationViewModel.swift */; };
		3D5E7B1D367F512422B8C08A /* APIEndpoint.swift in Sources */ = {isa = PBXBuildFile; fileRef = DD697FC1738D83F5A06E98BE /* APIEndpoint.swift */; };
		3FDED34CFC66AC1AC456DB49 /* RoundedCorner.swift in Sources */ = {isa = PBXBuildFile; fileRef = 5587D43A89157332BFA10424 /* RoundedCorner.swift */; };
		410DE660CAF15CE6A9CEF60A /* UserGuideView.swift in Sources */ = {isa = PBXBuildFile; fileRef = 6265B67FBE6A3A536620DAAD /* UserGuideView.swift */; };
		4215AE05A4B3B081BD9C9BF2 /* SMAPLoadingView.swift in Sources */ = {isa = PBXBuildFile; fileRef = 18493739DEB5E311957CE00E /* SMAPLoadingView.swift */; };
		4410063E7C2AFE10FDE434F7 /* SmapApp.swift in Sources */ = {isa = PBXBuildFile; fileRef = D95CD631AC850AB0FF7A852C /* SmapApp.swift */; };
		4762DFB4609DA8F43C81FF56 /* TermsViews.swift in Sources */ = {isa = PBXBuildFile; fileRef = 74189A75B98AB66BA168AA69 /* TermsViews.swift */; };
		4F97298602861A4CC0F8C94B /* ActivityLogView.swift in Sources */ = {isa = PBXBuildFile; fileRef = 18CD7CDF0285FD87D76EFBBB /* ActivityLogView.swift */; };
		52DD58CD50F2A4912806E713 /* NativeRegisterView.swift in Sources */ = {isa = PBXBuildFile; fileRef = 03076EDA34C7E541E218C146 /* NativeRegisterView.swift */; };
		58883AF96AB0A49B24C74055 /* CustomAppleSignInButton.swift in Sources */ = {isa = PBXBuildFile; fileRef = FDD6C6A3EF9EA0213CD10D74 /* CustomAppleSignInButton.swift */; };
		58FB60A84CDC19A4B17C4322 /* WithdrawView.swift in Sources */ = {isa = PBXBuildFile; fileRef = 6A670E36D750FC71D89DF058 /* WithdrawView.swift */; };
		59B6A666C837AA25E0B02BD6 /* HomeView.swift in Sources */ = {isa = PBXBuildFile; fileRef = 3CC5E70D71F118860FB90A9E /* HomeView.swift */; };
		59DB9DD0F3A270AEA22BB449 /* AccountSettingsView.swift in Sources */ = {isa = PBXBuildFile; fileRef = 46B7D7E7D275F79294EC37E3 /* AccountSettingsView.swift */; };
		5A74E8C3F2A6BA0C9EC14C2C /* NotificationListView.swift in Sources */ = {isa = PBXBuildFile; fileRef = 6D2471D9A3E0A1AAC834D160 /* NotificationListView.swift */; };
		5AD260155CB7F6B537BA7E93 /* LocationDetailPanel.swift in Sources */ = {isa = PBXBuildFile; fileRef = EB5E8B6769F63DAECC4C6BFB /* LocationDetailPanel.swift */; };
		5DC0069666700DE0509800A2 /* RootView.swift in Sources */ = {isa = PBXBuildFile; fileRef = 65CCDED888D125A36702CFCA /* RootView.swift */; };
		5E6CED4CBEC392A0A1DA64FC /* MockURLProtocol.swift in Sources */ = {isa = PBXBuildFile; fileRef = A6E857FB9A66B645DD27275D /* MockURLProtocol.swift */; };
		66D56A660C6E4C88E0AE1EC1 /* ScheduleFormView.swift in Sources */ = {isa = PBXBuildFile; fileRef = 7764DEAEC3C5FA8917996CC4 /* ScheduleFormView.swift */; };
		68598F319DBC8C0FC1916EDC /* Pods_smapTests.framework in Frameworks */ = {isa = PBXBuildFile; fileRef = 358E7C44A47807BE3A3431B4 /* Pods_smapTests.framework */; };
		6FB7245E0707DE133EE17ECD /* ActivityLogModels.swift in Sources */ = {isa = PBXBuildFile; fileRef = EDA557E6118B97E3C3EF9039 /* ActivityLogModels.swift */; };
		7272DE8D184A4000ED7906F6 /* PhoneTextField.swift in Sources */ = {isa = PBXBuildFile; fileRef = E2A02ACE6F91BA98F264AFD8 /* PhoneTextField.swift */; };
		72EFE7D7C2BEF97C98AFDB18 /* NoticeListView.swift in Sources */ = {isa = PBXBuildFile; fileRef = 5DA26B7F0F63EE8D0E580F20 /* NoticeListView.swift */; };
		74DE4DEA68BBA71092E9E720 /* ImagePicker.swift in Sources */ = {isa = PBXBuildFile; fileRef = 2FB0289DFA9DB5160EC07275 /* ImagePicker.swift */; };
		78D094598CC1522B6A0A53E2 /* MyPlaceModels.swift in Sources */ = {isa = PBXBuildFile; fileRef = 4EC6364864F595F85F7C7559 /* MyPlaceModels.swift */; };
		7B3BDD67E349F3AE195AEAE0 /* SMAPButton.swift in Sources */ = {isa = PBXBuildFile; fileRef = F49C868EA905A5BA43A716DF /* SMAPButton.swift */; };
		7B60EB6E35CDFA4AA56FCDD4 /* ActivityIndicator.swift in Sources */ = {isa = PBXBuildFile; fileRef = 039D288D49E05BAF86EFB1AC /* ActivityIndicator.swift */; };
		7D54FC619E5AE0816B42F335 /* SMAPSnackBar.swift in Sources */ = {isa = PBXBuildFile; fileRef = 16F34A3F1A8B143430D99E8A /* SMAPSnackBar.swift */; };
		7FCE3529A757B3B1673CD8B2 /* NaverMapView.swift in Sources */ = {isa = PBXBuildFile; fileRef = 02A0539DC922A7FE78E3CE87 /* NaverMapView.swift */; };
		812C6D4A8BFC26DF9D7C3DB1 /* KeychainManagerTests.swift in Sources */ = {isa = PBXBuildFile; fileRef = AB01FED42F3C817D4F548182 /* KeychainManagerTests.swift */; };
		876BE2B856B8351FEEEC7C59 /* ActivityLogService.swift in Sources */ = {isa = PBXBuildFile; fileRef = 01AB323A5328F03F04508F13 /* ActivityLogService.swift */; };
		8D9A42E2E12CABA6E45C4CEC /* LoginView.swift in Sources */ = {isa = PBXBuildFile; fileRef = A0BA036646484BBA5BCAD000 /* LoginView.swift */; };
		8F6FBE0745963AFADB7FCD59 /* Theme.swift in Sources */ = {isa = PBXBuildFile; fileRef = A8F6BDA102080F14BC5A1377 /* Theme.swift */; };
		94339A532B2BE26F002177C1 /* AppDelegate.swift in Sources */ = {isa = PBXBuildFile; fileRef = 94339A522B2BE26F002177C1 /* AppDelegate.swift */; };
		94339A5A2B2BE26F002177C1 /* Main.storyboard in Resources */ = {isa = PBXBuildFile; fileRef = 94339A582B2BE26F002177C1 /* Main.storyboard */; };
		94339A5C2B2BE271002177C1 /* Assets.xcassets in Resources */ = {isa = PBXBuildFile; fileRef = 94339A5B2B2BE271002177C1 /* Assets.xcassets */; };
		94339A5F2B2BE271002177C1 /* LaunchScreen.storyboard in Resources */ = {isa = PBXBuildFile; fileRef = 94339A5D2B2BE271002177C1 /* LaunchScreen.storyboard */; };
		94339A692B2BE2E5002177C1 /* BaseResult.swift in Sources */ = {isa = PBXBuildFile; fileRef = 94339A682B2BE2E5002177C1 /* BaseResult.swift */; };
		94339A6E2B2BE314002177C1 /* Utils.swift in Sources */ = {isa = PBXBuildFile; fileRef = 94339A6D2B2BE314002177C1 /* Utils.swift */; };
		94339A702B2BE323002177C1 /* Extensions.swift in Sources */ = {isa = PBXBuildFile; fileRef = 94339A6F2B2BE323002177C1 /* Extensions.swift */; };
		94339A772B2BE409002177C1 /* LocationService.swift in Sources */ = {isa = PBXBuildFile; fileRef = 94339A762B2BE409002177C1 /* LocationService.swift */; };
		94339A7B2B2BEFC9002177C1 /* IntroView.swift in Sources */ = {isa = PBXBuildFile; fileRef = 94339A7A2B2BEFC9002177C1 /* IntroView.swift */; };
		94339A7D2B2BEFD1002177C1 /* MainView.swift in Sources */ = {isa = PBXBuildFile; fileRef = 94339A7C2B2BEFD1002177C1 /* MainView.swift */; };
		94418E1F2BD0B88B00836120 /* StoreKit.framework in Frameworks */ = {isa = PBXBuildFile; fileRef = 94418E1E2BD0B88B00836120 /* StoreKit.framework */; };
		94418E212BD0C38E00836120 /* StoreKitManager.swift in Sources */ = {isa = PBXBuildFile; fileRef = 94418E202BD0C38E00836120 /* StoreKitManager.swift */; };
		948ABEF62BAA8D4300023DFD /* Http.swift in Sources */ = {isa = PBXBuildFile; fileRef = 948ABEF52BAA8D4300023DFD /* Http.swift */; };
		948ABEF82BAA8F0300023DFD /* AuthData.swift in Sources */ = {isa = PBXBuildFile; fileRef = 948ABEF72BAA8F0300023DFD /* AuthData.swift */; };
		948ABEFC2BAA8FBE00023DFD /* MltGpsData.swift in Sources */ = {isa = PBXBuildFile; fileRef = 948ABEFB2BAA8FBE00023DFD /* MltGpsData.swift */; };
		94F4BC352BB6B5F600987BC4 /* GoogleService-Info.plist in Resources */ = {isa = PBXBuildFile; fileRef = 94F4BC342BB6B5F600987BC4 /* GoogleService-Info.plist */; };
		97334299BB6EFB6F53BA9D4B /* ScheduleCardView.swift in Sources */ = {isa = PBXBuildFile; fileRef = 3D41A5CC31619786DF543A3D /* ScheduleCardView.swift */; };
		9B19896A9DFBE962275EDA56 /* FloatingBackgroundView.swift in Sources */ = {isa = PBXBuildFile; fileRef = F4D21A23274BFE83F2D6DB03 /* FloatingBackgroundView.swift */; };
		A00AFEC1ED4745714ACBE748 /* GroupServiceTests.swift in Sources */ = {isa = PBXBuildFile; fileRef = 7BB22F47ECA2E49E5A2D6C45 /* GroupServiceTests.swift */; };
		A1B2C3D40001 /* LoginModels.swift in Sources */ = {isa = PBXBuildFile; fileRef = A1B2C3D40011 /* LoginModels.swift */; };
		A1B2C3D40002 /* AuthService.swift in Sources */ = {isa = PBXBuildFile; fileRef = A1B2C3D40012 /* AuthService.swift */; };
		A1B2C3D40003 /* LoginViewModel.swift in Sources */ = {isa = PBXBuildFile; fileRef = A1B2C3D40013 /* LoginViewModel.swift */; };
		A1B2C3D40005 /* RootCoordinatorView.swift in Sources */ = {isa = PBXBuildFile; fileRef = A1B2C3D40015 /* RootCoordinatorView.swift */; };
		A4A1506382D5EF027A357E34 /* MyPlaceService.swift in Sources */ = {isa = PBXBuildFile; fileRef = 6D69047014955AD0869DDC13 /* MyPlaceService.swift */; };
		A6A0586B0397198F2AF81B87 /* ScheduleService.swift in Sources */ = {isa = PBXBuildFile; fileRef = 3890E11DD9B82BA5B146AB8A /* ScheduleService.swift */; };
		A6BFED3F483F38129E1A0A5A /* ScheduleModels.swift in Sources */ = {isa = PBXBuildFile; fileRef = 637AE176A6DB0408B597EC27 /* ScheduleModels.swift */; };
		AA4FA87FA06D765B2BA2882C /* InquiryView.swift in Sources */ = {isa = PBXBuildFile; fileRef = E88EBC4AED2C7B4160E5DCD7 /* InquiryView.swift */; };
		B07F361F901BF86CBDE2D358 /* HomeModels.swift in Sources */ = {isa = PBXBuildFile; fileRef = F2C91D16CC5BFA7761FCBE8A /* HomeModels.swift */; };
		B0E5B55E62CC25B82FD791A3 /* GroupCreationView.swift in Sources */ = {isa = PBXBuildFile; fileRef = 2A6DAE526BDE5CED20EE42D2 /* GroupCreationView.swift */; };
		B11CAFE4D8A24F6E9C3D7A01 /* AuthServiceTests.swift in Sources */ = {isa = PBXBuildFile; fileRef = C22DBEF5E9B35A7FA4E68B02 /* AuthServiceTests.swift */; };
		B18E36A979FF29AC3CF39802 /* ActivityLogViewModel.swift in Sources */ = {isa = PBXBuildFile; fileRef = B72F05B895819BAFC4076504 /* ActivityLogViewModel.swift */; };
		B20C990C52F079F35037935F /* UserDefaultsManager.swift in Sources */ = {isa = PBXBuildFile; fileRef = 84E5F9E1CE2882E5F246A7EC /* UserDefaultsManager.swift */; };
		B4DC719F3B3F3F3377E9FB81 /* Foundation.framework in Frameworks */ = {isa = PBXBuildFile; fileRef = DC1B67D2BBBF002A1F25E204 /* Foundation.framework */; };
		B85D4559B18C1D8AFD42FDC7 /* SMAPTextField.swift in Sources */ = {isa = PBXBuildFile; fileRef = 24ADB4DD2C3D90F283A452AB /* SMAPTextField.swift */; };
		BA097A12C2B77A5FE2D232AD /* NotificationService.swift in Sources */ = {isa = PBXBuildFile; fileRef = AD736AA6B14C18777AC6D3A6 /* NotificationService.swift */; };
		BF971E8194AEAEF92AFAAFD5 /* HomeHeaderView.swift in Sources */ = {isa = PBXBuildFile; fileRef = A08A0EC8330B484B756CE472 /* HomeHeaderView.swift */; };
		CC18AF767D32BCCBA0CBE488 /* SidebarView.swift in Sources */ = {isa = PBXBuildFile; fileRef = AFB7BBAEEC4C8ADD1A97EBA2 /* SidebarView.swift */; };
		CF30A8F7B5222FBC7B041BFE /* KeychainManager.swift in Sources */ = {isa = PBXBuildFile; fileRef = 846D82AE62D1FF1FAFD3B490 /* KeychainManager.swift */; };
		D2F191C0F75FEE18DDCD1BDB /* HomeViewModel.swift in Sources */ = {isa = PBXBuildFile; fileRef = BC5F00CCC9CFC0214C3C7BFE /* HomeViewModel.swift */; };
		D39DB6CD1E613EAFC4DBAB46 /* MainTabView.swift in Sources */ = {isa = PBXBuildFile; fileRef = 7EA413D4AEAFB6F0BFEF8C0D /* MainTabView.swift */; };
		D7A062D41C9F5C04C7F919AC /* ChangePasswordView.swift in Sources */ = {isa = PBXBuildFile; fileRef = 6377EF3F7BCBFF01B8C7D18F /* ChangePasswordView.swift */; };
		D845AF1DDE0256AA17820CAC /* NoticeModels.swift in Sources */ = {isa = PBXBuildFile; fileRef = 9A604E96A4889B4AC3055E86 /* NoticeModels.swift */; };
		D89E3E849465DD43116D9358 /* NotificationRow.swift in Sources */ = {isa = PBXBuildFile; fileRef = CD9EEC516EDA6F9D1D3EE1B5 /* NotificationRow.swift */; };
		D8E08C312831C21689EFE9F2 /* DeepLinkService.swift in Sources */ = {isa = PBXBuildFile; fileRef = DA6CF58C88788CD855B7AB6C /* DeepLinkService.swift */; };
		E424ECF29A5C98D0CE6257AB /* NetworkError.swift in Sources */ = {isa = PBXBuildFile; fileRef = 015524C0E4DDFD774AF076D7 /* NetworkError.swift */; };
		E7DAA5133554963C81445039 /* MyPlaceView.swift in Sources */ = {isa = PBXBuildFile; fileRef = 77E9C6311F4640B2DA7A85D6 /* MyPlaceView.swift */; };
		EF3267D73FEB1306499EA513 /* APIClientTests.swift in Sources */ = {isa = PBXBuildFile; fileRef = C8794820D7585E07BB427EEC /* APIClientTests.swift */; };
		F6010CCC2F035594008B05B7 /* SUITE-Bold.ttf in Resources */ = {isa = PBXBuildFile; fileRef = F6010CC42F035594008B05B7 /* SUITE-Bold.ttf */; };
		F6010CCD2F035594008B05B7 /* SUITE-SemiBold.ttf in Resources */ = {isa = PBXBuildFile; fileRef = F6010CCA2F035594008B05B7 /* SUITE-SemiBold.ttf */; };
		F6010CCE2F035594008B05B7 /* SUITE-ExtraBold.ttf in Resources */ = {isa = PBXBuildFile; fileRef = F6010CC52F035594008B05B7 /* SUITE-ExtraBold.ttf */; };
		F6010CCF2F035594008B05B7 /* SUITE-Regular.ttf in Resources */ = {isa = PBXBuildFile; fileRef = F6010CC92F035594008B05B7 /* SUITE-Regular.ttf */; };
		F6010CD02F035594008B05B7 /* SUITE-Heavy.ttf in Resources */ = {isa = PBXBuildFile; fileRef = F6010CC62F035594008B05B7 /* SUITE-Heavy.ttf */; };
		F6010CD12F035594008B05B7 /* SUITE-Medium.ttf in Resources */ = {isa = PBXBuildFile; fileRef = F6010CC82F035594008B05B7 /* SUITE-Medium.ttf */; };
		F6010CD22F035594008B05B7 /* LICENSE in Resources */ = {isa = PBXBuildFile; fileRef = F6010CC32F035594008B05B7 /* LICENSE */; };
		F6010CD32F035594008B05B7 /* SUITE-Light.ttf in Resources */ = {isa = PBXBuildFile; fileRef = F6010CC72F035594008B05B7 /* SUITE-Light.ttf */; };
		F6010CE22F03E759008B05B7 /* GroupDetailView.swift in Sources */ = {isa = PBXBuildFile; fileRef = F6010CDE2F03E759008B05B7 /* GroupDetailView.swift */; };
		F6010CE32F03E759008B05B7 /* GroupListView.swift in Sources */ = {isa = PBXBuildFile; fileRef = F6010CDF2F03E759008B05B7 /* GroupListView.swift */; };
		F6010CE42F03E759008B05B7 /* ShareOptionsView.swift in Sources */ = {isa = PBXBuildFile; fileRef = F6010CE12F03E759008B05B7 /* ShareOptionsView.swift */; };
		F6010CE52F03E759008B05B7 /* QRCodeView.swift in Sources */ = {isa = PBXBuildFile; fileRef = F6010CE02F03E759008B05B7 /* QRCodeView.swift */; };
		F6B791979B56F9EF688C4DB4 /* NotificationModels.swift in Sources */ = {isa = PBXBuildFile; fileRef = D6D87D2AFF60A6553D2F16E7 /* NotificationModels.swift */; };
		F6E644BD2F04D5A100E1D03E /* LocationSearchView.swift in Sources */ = {isa = PBXBuildFile; fileRef = F6E644BC2F04D5A100E1D03E /* LocationSearchView.swift */; };
		F968C04DC541BC37FECF83B3 /* ScheduleViewModel.swift in Sources */ = {isa = PBXBuildFile; fileRef = 323222C5B115ACF767443FD3 /* ScheduleViewModel.swift */; };
/* End PBXBuildFile section */

/* Begin PBXContainerItemProxy section */
		3E0E1D1C419CA17C7938B70C /* PBXContainerItemProxy */ = {
			isa = PBXContainerItemProxy;
			containerPortal = 94339A472B2BE26F002177C1 /* Project object */;
			proxyType = 1;
			remoteGlobalIDString = 94339A4E2B2BE26F002177C1;
			remoteInfo = smap;
		};
/* End PBXContainerItemProxy section */

/* Begin PBXFileReference section */
		015524C0E4DDFD774AF076D7 /* NetworkError.swift */ = {isa = PBXFileReference; includeInIndex = 1; lastKnownFileType = sourcecode.swift; path = NetworkError.swift; sourceTree = "<group>"; };
		01AB323A5328F03F04508F13 /* ActivityLogService.swift */ = {isa = PBXFileReference; includeInIndex = 1; lastKnownFileType = sourcecode.swift; path = ActivityLogService.swift; sourceTree = "<group>"; };
		01EE0A92648F52B4CE24F7A0 /* HapticManager.swift */ = {isa = PBXFileReference; includeInIndex = 1; lastKnownFileType = sourcecode.swift; path = HapticManager.swift; sourceTree = "<group>"; };
		02A0539DC922A7FE78E3CE87 /* NaverMapView.swift */ = {isa = PBXFileReference; includeInIndex = 1; lastKnownFileType = sourcecode.swift; path = NaverMapView.swift; sourceTree = "<group>"; };
		03076EDA34C7E541E218C146 /* NativeRegisterView.swift */ = {isa = PBXFileReference; includeInIndex = 1; lastKnownFileType = sourcecode.swift; path = NativeRegisterView.swift; sourceTree = "<group>"; };
		039D288D49E05BAF86EFB1AC /* ActivityIndicator.swift */ = {isa = PBXFileReference; includeInIndex = 1; lastKnownFileType = sourcecode.swift; path = ActivityIndicator.swift; sourceTree = "<group>"; };
		0F2025C78F84D972ACF396A1 /* DataMigration.swift */ = {isa = PBXFileReference; includeInIndex = 1; lastKnownFileType = sourcecode.swift; path = DataMigration.swift; sourceTree = "<group>"; };
		1543F20C479DC08F43430167 /* Pods-smapTests.release.xcconfig */ = {isa = PBXFileReference; includeInIndex = 1; lastKnownFileType = text.xcconfig; name = "Pods-smapTests.release.xcconfig"; path = "Target Support Files/Pods-smapTests/Pods-smapTests.release.xcconfig"; sourceTree = "<group>"; };
		16F34A3F1A8B143430D99E8A /* SMAPSnackBar.swift */ = {isa = PBXFileReference; includeInIndex = 1; lastKnownFileType = sourcecode.swift; path = SMAPSnackBar.swift; sourceTree = "<group>"; };
		18493739DEB5E311957CE00E /* SMAPLoadingView.swift */ = {isa = PBXFileReference; includeInIndex = 1; lastKnownFileType = sourcecode.swift; path = SMAPLoadingView.swift; sourceTree = "<group>"; };
		18CD7CDF0285FD87D76EFBBB /* ActivityLogView.swift */ = {isa = PBXFileReference; includeInIndex = 1; lastKnownFileType = sourcecode.swift; path = ActivityLogView.swift; sourceTree = "<group>"; };
		24ADB4DD2C3D90F283A452AB /* SMAPTextField.swift */ = {isa = PBXFileReference; includeInIndex = 1; lastKnownFileType = sourcecode.swift; path = SMAPTextField.swift; sourceTree = "<group>"; };
		285E670B2BE041238BAE16E0 /* NotificationViewModel.swift */ = {isa = PBXFileReference; includeInIndex = 1; lastKnownFileType = sourcecode.swift; path = NotificationViewModel.swift; sourceTree = "<group>"; };
		2A6DAE526BDE5CED20EE42D2 /* GroupCreationView.swift */ = {isa = PBXFileReference; includeInIndex = 1; lastKnownFileType = sourcecode.swift; path = GroupCreationView.swift; sourceTree = "<group>"; };
		2BA1F183FACB1962B895B550 /* Release.xcconfig */ = {isa = PBXFileReference; includeInIndex = 1; lastKnownFileType = text.xcconfig; path = Release.xcconfig; sourceTree = "<group>"; };
		2FB0289DFA9DB5160EC07275 /* ImagePicker.swift */ = {isa = PBXFileReference; includeInIndex = 1; lastKnownFileType = sourcecode.swift; path = ImagePicker.swift; sourceTree = "<group>"; };
		323222C5B115ACF767443FD3 /* ScheduleViewModel.swift */ = {isa = PBXFileReference; includeInIndex = 1; lastKnownFileType = sourcecode.swift; path = ScheduleViewModel.swift; sourceTree = "<group>"; };
		358E7C44A47807BE3A3431B4 /* Pods_smapTests.framework */ = {isa = PBXFileReference; explicitFileType = wrapper.framework; includeInIndex = 0; path = Pods_smapTests.framework; sourceTree = BUILT_PRODUCTS_DIR; };
		35C8904AB8B944173F6017D7 /* Debug.xcconfig.example */ = {isa = PBXFileReference; includeInIndex = 1; path = Debug.xcconfig.example; sourceTree = "<group>"; };
		37FC506E4A26E11B0DA96829 /* Pods_smap.framework */ = {isa = PBXFileReference; explicitFileType = wrapper.framework; includeInIndex = 0; path = Pods_smap.framework; sourceTree = BUILT_PRODUCTS_DIR; };
		3890E11DD9B82BA5B146AB8A /* ScheduleService.swift */ = {isa = PBXFileReference; includeInIndex = 1; lastKnownFileType = sourcecode.swift; path = ScheduleService.swift; sourceTree = "<group>"; };
		3CC5E70D71F118860FB90A9E /* HomeView.swift */ = {isa = PBXFileReference; includeInIndex = 1; lastKnownFileType = sourcecode.swift; path = HomeView.swift; sourceTree = "<group>"; };
		3D41A5CC31619786DF543A3D /* ScheduleCardView.swift */ = {isa = PBXFileReference; includeInIndex = 1; lastKnownFileType = sourcecode.swift; path = ScheduleCardView.swift; sourceTree = "<group>"; };
		46B7D7E7D275F79294EC37E3 /* AccountSettingsView.swift */ = {isa = PBXFileReference; includeInIndex = 1; lastKnownFileType = sourcecode.swift; path = AccountSettingsView.swift; sourceTree = "<group>"; };
		48320A69D7851035F3D8E296 /* FocusableTextField.swift */ = {isa = PBXFileReference; includeInIndex = 1; lastKnownFileType = sourcecode.swift; path = FocusableTextField.swift; sourceTree = "<group>"; };
		4966457FF96D5CB6773C3483 /* NativeScheduleListView.swift */ = {isa = PBXFileReference; includeInIndex = 1; lastKnownFileType = sourcecode.swift; path = NativeScheduleListView.swift; sourceTree = "<group>"; };
		4998585714C98478853DF466 /* EditProfileView.swift */ = {isa = PBXFileReference; includeInIndex = 1; lastKnownFileType = sourcecode.swift; path = EditProfileView.swift; sourceTree = "<group>"; };
		4C4397311CA36B89D18C465F /* Pods-smapTests.debug.xcconfig */ = {isa = PBXFileReference; includeInIndex = 1; lastKnownFileType = text.xcconfig; name = "Pods-smapTests.debug.xcconfig"; path = "Target Support Files/Pods-smapTests/Pods-smapTests.debug.xcconfig"; sourceTree = "<group>"; };
		4EC6364864F595F85F7C7559 /* MyPlaceModels.swift */ = {isa = PBXFileReference; includeInIndex = 1; lastKnownFileType = sourcecode.swift; path = MyPlaceModels.swift; sourceTree = "<group>"; };
		5276E8F7F9EB554FB0284094 /* AppConfiguration.swift */ = {isa = PBXFileReference; includeInIndex = 1; lastKnownFileType = sourcecode.swift; path = AppConfiguration.swift; sourceTree = "<group>"; };
		5587D43A89157332BFA10424 /* RoundedCorner.swift */ = {isa = PBXFileReference; includeInIndex = 1; lastKnownFileType = sourcecode.swift; path = RoundedCorner.swift; sourceTree = "<group>"; };
		5DA26B7F0F63EE8D0E580F20 /* NoticeListView.swift */ = {isa = PBXFileReference; includeInIndex = 1; lastKnownFileType = sourcecode.swift; path = NoticeListView.swift; sourceTree = "<group>"; };
		6265B67FBE6A3A536620DAAD /* UserGuideView.swift */ = {isa = PBXFileReference; includeInIndex = 1; lastKnownFileType = sourcecode.swift; path = UserGuideView.swift; sourceTree = "<group>"; };
		62E3750BD06FB7857AEC15A6 /* smapTests.xctest */ = {isa = PBXFileReference; explicitFileType = wrapper.cfbundle; includeInIndex = 0; path = smapTests.xctest; sourceTree = BUILT_PRODUCTS_DIR; };
		6377EF3F7BCBFF01B8C7D18F /* ChangePasswordView.swift */ = {isa = PBXFileReference; includeInIndex = 1; lastKnownFileType = sourcecode.swift; path = ChangePasswordView.swift; sourceTree = "<group>"; };
		637AE176A6DB0408B597EC27 /* ScheduleModels.swift */ = {isa = PBXFileReference; includeInIndex = 1; lastKnownFileType = sourcecode.swift; path = ScheduleModels.swift; sourceTree = "<group>"; };
		6482EE75F8FB57368F9AA596 /* GroupViewModel.swift */ = {isa = PBXFileReference; includeInIndex = 1; lastKnownFileType = sourcecode.swift; path = GroupViewModel.swift; sourceTree = "<group>"; };
		65320A8BB93E6B422E7E9185 /* NetworkErrorTests.swift */ = {isa = PBXFileReference; includeInIndex = 1; lastKnownFileType = sourcecode.swift; path = NetworkErrorTests.swift; sourceTree = "<group>"; };
		65CCDED888D125A36702CFCA /* RootView.swift */ = {isa = PBXFileReference; includeInIndex = 1; lastKnownFileType = sourcecode.swift; path = RootView.swift; sourceTree = "<group>"; };
		69787EBD2F135911C7C500D2 /* ForgotPasswordView.swift */ = {isa = PBXFileReference; includeInIndex = 1; lastKnownFileType = sourcecode.swift; path = ForgotPasswordView.swift; sourceTree = "<group>"; };
		6A670E36D750FC71D89DF058 /* WithdrawView.swift */ = {isa = PBXFileReference; includeInIndex = 1; lastKnownFileType = sourcecode.swift; path = WithdrawView.swift; sourceTree = "<group>"; };
		6D2471D9A3E0A1AAC834D160 /* NotificationListView.swift */ = {isa = PBXFileReference; includeInIndex = 1; lastKnownFileType = sourcecode.swift; path = NotificationListView.swift; sourceTree = "<group>"; };
		6D69047014955AD0869DDC13 /* MyPlaceService.swift */ = {isa = PBXFileReference; includeInIndex = 1; lastKnownFileType = sourcecode.swift; path = MyPlaceService.swift; sourceTree = "<group>"; };
		74189A75B98AB66BA168AA69 /* TermsViews.swift */ = {isa = PBXFileReference; includeInIndex = 1; lastKnownFileType = sourcecode.swift; path = TermsViews.swift; sourceTree = "<group>"; };
		7764DEAEC3C5FA8917996CC4 /* ScheduleFormView.swift */ = {isa = PBXFileReference; includeInIndex = 1; lastKnownFileType = sourcecode.swift; path = ScheduleFormView.swift; sourceTree = "<group>"; };
		77E9C6311F4640B2DA7A85D6 /* MyPlaceView.swift */ = {isa = PBXFileReference; includeInIndex = 1; lastKnownFileType = sourcecode.swift; path = MyPlaceView.swift; sourceTree = "<group>"; };
		7BB22F47ECA2E49E5A2D6C45 /* GroupServiceTests.swift */ = {isa = PBXFileReference; includeInIndex = 1; lastKnownFileType = sourcecode.swift; path = GroupServiceTests.swift; sourceTree = "<group>"; };
		7EA413D4AEAFB6F0BFEF8C0D /* MainTabView.swift */ = {isa = PBXFileReference; includeInIndex = 1; lastKnownFileType = sourcecode.swift; path = MainTabView.swift; sourceTree = "<group>"; };
		846D82AE62D1FF1FAFD3B490 /* KeychainManager.swift */ = {isa = PBXFileReference; includeInIndex = 1; lastKnownFileType = sourcecode.swift; path = KeychainManager.swift; sourceTree = "<group>"; };
		84E5F9E1CE2882E5F246A7EC /* UserDefaultsManager.swift */ = {isa = PBXFileReference; includeInIndex = 1; lastKnownFileType = sourcecode.swift; path = UserDefaultsManager.swift; sourceTree = "<group>"; };
		917653CD5E9DF6A39F3C0D80 /* NoticeService.swift */ = {isa = PBXFileReference; includeInIndex = 1; lastKnownFileType = sourcecode.swift; path = NoticeService.swift; sourceTree = "<group>"; };
		94339A4F2B2BE26F002177C1 /* smap.app */ = {isa = PBXFileReference; explicitFileType = wrapper.application; includeInIndex = 0; path = smap.app; sourceTree = BUILT_PRODUCTS_DIR; };
		94339A522B2BE26F002177C1 /* AppDelegate.swift */ = {isa = PBXFileReference; lastKnownFileType = sourcecode.swift; path = AppDelegate.swift; sourceTree = "<group>"; };
		94339A592B2BE26F002177C1 /* Base */ = {isa = PBXFileReference; lastKnownFileType = file.storyboard; name = Base; path = Base.lproj/Main.storyboard; sourceTree = "<group>"; };
		94339A5B2B2BE271002177C1 /* Assets.xcassets */ = {isa = PBXFileReference; lastKnownFileType = folder.assetcatalog; path = Assets.xcassets; sourceTree = "<group>"; };
		94339A5E2B2BE271002177C1 /* Base */ = {isa = PBXFileReference; lastKnownFileType = file.storyboard; name = Base; path = Base.lproj/LaunchScreen.storyboard; sourceTree = "<group>"; };
		94339A602B2BE271002177C1 /* Info.plist */ = {isa = PBXFileReference; lastKnownFileType = text.plist.xml; path = Info.plist; sourceTree = "<group>"; };
		94339A682B2BE2E5002177C1 /* BaseResult.swift */ = {isa = PBXFileReference; lastKnownFileType = sourcecode.swift; path = BaseResult.swift; sourceTree = "<group>"; };
		94339A6D2B2BE314002177C1 /* Utils.swift */ = {isa = PBXFileReference; lastKnownFileType = sourcecode.swift; path = Utils.swift; sourceTree = "<group>"; };
		94339A6F2B2BE323002177C1 /* Extensions.swift */ = {isa = PBXFileReference; lastKnownFileType = sourcecode.swift; path = Extensions.swift; sourceTree = "<group>"; };
		94339A762B2BE409002177C1 /* LocationService.swift */ = {isa = PBXFileReference; lastKnownFileType = sourcecode.swift; path = LocationService.swift; sourceTree = "<group>"; };
		94339A7A2B2BEFC9002177C1 /* IntroView.swift */ = {isa = PBXFileReference; lastKnownFileType = sourcecode.swift; path = IntroView.swift; sourceTree = "<group>"; };
		94339A7C2B2BEFD1002177C1 /* MainView.swift */ = {isa = PBXFileReference; lastKnownFileType = sourcecode.swift; path = MainView.swift; sourceTree = "<group>"; };
		94418E1E2BD0B88B00836120 /* StoreKit.framework */ = {isa = PBXFileReference; lastKnownFileType = wrapper.framework; name = StoreKit.framework; path = System/Library/Frameworks/StoreKit.framework; sourceTree = SDKROOT; };
		94418E202BD0C38E00836120 /* StoreKitManager.swift */ = {isa = PBXFileReference; lastKnownFileType = sourcecode.swift; path = StoreKitManager.swift; sourceTree = "<group>"; };
		948ABEF42BAA81E900023DFD /* smap.entitlements */ = {isa = PBXFileReference; lastKnownFileType = text.plist.entitlements; path = smap.entitlements; sourceTree = "<group>"; };
		948ABEF52BAA8D4300023DFD /* Http.swift */ = {isa = PBXFileReference; lastKnownFileType = sourcecode.swift; path = Http.swift; sourceTree = "<group>"; };
		948ABEF72BAA8F0300023DFD /* AuthData.swift */ = {isa = PBXFileReference; lastKnownFileType = sourcecode.swift; path = AuthData.swift; sourceTree = "<group>"; };
		948ABEFB2BAA8FBE00023DFD /* MltGpsData.swift */ = {isa = PBXFileReference; lastKnownFileType = sourcecode.swift; path = MltGpsData.swift; sourceTree = "<group>"; };
		94F4BC342BB6B5F600987BC4 /* GoogleService-Info.plist */ = {isa = PBXFileReference; fileEncoding = 4; lastKnownFileType = text.plist.xml; path = "GoogleService-Info.plist"; sourceTree = "<group>"; };
		9A604E96A4889B4AC3055E86 /* NoticeModels.swift */ = {isa = PBXFileReference; includeInIndex = 1; lastKnownFileType = sourcecode.swift; path = NoticeModels.swift; sourceTree = "<group>"; };
		A08A0EC8330B484B756CE472 /* HomeHeaderView.swift */ = {isa = PBXFileReference; includeInIndex = 1; lastKnownFileType = sourcecode.swift; path = HomeHeaderView.swift; sourceTree = "<group>"; };
		A0BA036646484BBA5BCAD000 /* LoginView.swift */ = {isa = PBXFileReference; includeInIndex = 1; lastKnownFileType = sourcecode.swift; path = LoginView.swift; sourceTree = "<group>"; };
		A1B2C3D40011 /* LoginModels.swift */ = {isa = PBXFileReference; lastKnownFileType = sourcecode.swift; path = LoginModels.swift; sourceTree = "<group>"; };
		A1B2C3D40012 /* AuthService.swift */ = {isa = PBXFileReference; lastKnownFileType = sourcecode.swift; path = AuthService.swift; sourceTree = "<group>"; };
		A1B2C3D40013 /* LoginViewModel.swift */ = {isa = PBXFileReference; lastKnownFileType = sourcecode.swift; path = LoginViewModel.swift; sourceTree = "<group>"; };
		A1B2C3D40015 /* RootCoordinatorView.swift */ = {isa = PBXFileReference; lastKnownFileType = sourcecode.swift; path = RootCoordinatorView.swift; sourceTree = "<group>"; };
		A285D1EDA2D7751AD0989FE6 /* DataMigrationTests.swift */ = {isa = PBXFileReference; includeInIndex = 1; lastKnownFileType = sourcecode.swift; path = DataMigrationTests.swift; sourceTree = "<group>"; };
		A658788DFD22BBB65D68B968 /* Pods-smap.debug.xcconfig */ = {isa = PBXFileReference; includeInIndex = 1; lastKnownFileType = text.xcconfig; name = "Pods-smap.debug.xcconfig"; path = "Target Support Files/Pods-smap/Pods-smap.debug.xcconfig"; sourceTree = "<group>"; };
		A6E857FB9A66B645DD27275D /* MockURLProtocol.swift */ = {isa = PBXFileReference; includeInIndex = 1; lastKnownFileType = sourcecode.swift; path = MockURLProtocol.swift; sourceTree = "<group>"; };
		A8F6BDA102080F14BC5A1377 /* Theme.swift */ = {isa = PBXFileReference; includeInIndex = 1; lastKnownFileType = sourcecode.swift; path = Theme.swift; sourceTree = "<group>"; };
		A9E2B42038DD89D78086429E /* PlaceholderTests.swift */ = {isa = PBXFileReference; includeInIndex = 1; lastKnownFileType = sourcecode.swift; path = PlaceholderTests.swift; sourceTree = "<group>"; };
		AB01FED42F3C817D4F548182 /* KeychainManagerTests.swift */ = {isa = PBXFileReference; includeInIndex = 1; lastKnownFileType = sourcecode.swift; path = KeychainManagerTests.swift; sourceTree = "<group>"; };
		AC62D12FBC527A10551D4FB2 /* GroupService.swift */ = {isa = PBXFileReference; includeInIndex = 1; lastKnownFileType = sourcecode.swift; path = GroupService.swift; sourceTree = "<group>"; };
		AD736AA6B14C18777AC6D3A6 /* NotificationService.swift */ = {isa = PBXFileReference; includeInIndex = 1; lastKnownFileType = sourcecode.swift; path = NotificationService.swift; sourceTree = "<group>"; };
		AD7A59FABE69C71E3559B181 /* Debug.xcconfig */ = {isa = PBXFileReference; includeInIndex = 1; lastKnownFileType = text.xcconfig; path = Debug.xcconfig; sourceTree = "<group>"; };
		AFB7BBAEEC4C8ADD1A97EBA2 /* SidebarView.swift */ = {isa = PBXFileReference; includeInIndex = 1; lastKnownFileType = sourcecode.swift; path = SidebarView.swift; sourceTree = "<group>"; };
		B72F05B895819BAFC4076504 /* ActivityLogViewModel.swift */ = {isa = PBXFileReference; includeInIndex = 1; lastKnownFileType = sourcecode.swift; path = ActivityLogViewModel.swift; sourceTree = "<group>"; };
		BB1D9F49827B5A03E90C884C /* MapLoadingOverlay.swift */ = {isa = PBXFileReference; includeInIndex = 1; lastKnownFileType = sourcecode.swift; path = MapLoadingOverlay.swift; sourceTree = "<group>"; };
		BBEF99544122643C1993480F /* UserDefaultsManagerTests.swift */ = {isa = PBXFileReference; includeInIndex = 1; lastKnownFileType = sourcecode.swift; path = UserDefaultsManagerTests.swift; sourceTree = "<group>"; };
		BC5F00CCC9CFC0214C3C7BFE /* HomeViewModel.swift */ = {isa = PBXFileReference; includeInIndex = 1; lastKnownFileType = sourcecode.swift; path = HomeViewModel.swift; sourceTree = "<group>"; };
		BC8E7FB0E82B413EEE836BDA /* FCMService.swift */ = {isa = PBXFileReference; includeInIndex = 1; lastKnownFileType = sourcecode.swift; path = FCMService.swift; sourceTree = "<group>"; };
		C22DBEF5E9B35A7FA4E68B02 /* AuthServiceTests.swift */ = {isa = PBXFileReference; includeInIndex = 1; lastKnownFileType = sourcecode.swift; path = AuthServiceTests.swift; sourceTree = "<group>"; };
		C553883905483D628F4A4375 /* MyPlaceViewModel.swift */ = {isa = PBXFileReference; includeInIndex = 1; lastKnownFileType = sourcecode.swift; path = MyPlaceViewModel.swift; sourceTree = "<group>"; };
		C5C9B0F080B4BC5600FCEE94 /* DatePickerWith10MinInterval.swift */ = {isa = PBXFileReference; includeInIndex = 1; lastKnownFileType = sourcecode.swift; path = DatePickerWith10MinInterval.swift; sourceTree = "<group>"; };
		C8794820D7585E07BB427EEC /* APIClientTests.swift */ = {isa = PBXFileReference; includeInIndex = 1; lastKnownFileType = sourcecode.swift; path = APIClientTests.swift; sourceTree = "<group>"; };
		CD9EEC516EDA6F9D1D3EE1B5 /* NotificationRow.swift */ = {isa = PBXFileReference; includeInIndex = 1; lastKnownFileType = sourcecode.swift; path = NotificationRow.swift; sourceTree = "<group>"; };
		CDC76362DAC64DB193EB137B /* APIEndpointTests.swift */ = {isa = PBXFileReference; includeInIndex = 1; lastKnownFileType = sourcecode.swift; path = APIEndpointTests.swift; sourceTree = "<group>"; };
		D22CA221744223B0C67BEC1F /* APIClient.swift */ = {isa = PBXFileReference; includeInIndex = 1; lastKnownFileType = sourcecode.swift; path = APIClient.swift; sourceTree = "<group>"; };
		D6D87D2AFF60A6553D2F16E7 /* NotificationModels.swift */ = {isa = PBXFileReference; includeInIndex = 1; lastKnownFileType = sourcecode.swift; path = NotificationModels.swift; sourceTree = "<group>"; };
		D95CD631AC850AB0FF7A852C /* SmapApp.swift */ = {isa = PBXFileReference; includeInIndex = 1; lastKnownFileType = sourcecode.swift; path = SmapApp.swift; sourceTree = "<group>"; };
		DA6CF58C88788CD855B7AB6C /* DeepLinkService.swift */ = {isa = PBXFileReference; includeInIndex = 1; lastKnownFileType = sourcecode.swift; path = DeepLinkService.swift; sourceTree = "<group>"; };
		DC1B67D2BBBF002A1F25E204 /* Foundation.framework */ = {isa = PBXFileReference; lastKnownFileType = wrapper.framework; name = Foundation.framework; path = Platforms/iPhoneOS.platform/Developer/SDKs/iPhoneOS18.0.sdk/System/Library/Frameworks/Foundation.framework; sourceTree = DEVELOPER_DIR; };
		DD697FC1738D83F5A06E98BE /* APIEndpoint.swift */ = {isa = PBXFileReference; includeInIndex = 1; lastKnownFileType = sourcecode.swift; path = APIEndpoint.swift; sourceTree = "<group>"; };
		E2A02ACE6F91BA98F264AFD8 /* PhoneTextField.swift */ = {isa = PBXFileReference; includeInIndex = 1; lastKnownFileType = sourcecode.swift; path = PhoneTextField.swift; sourceTree = "<group>"; };
		E5DABB42E6265FB9E0530FED /* GoogleLogoView.swift */ = {isa = PBXFileReference; includeInIndex = 1; lastKnownFileType = sourcecode.swift; path = GoogleLogoView.swift; sourceTree = "<group>"; };
		E77034C856577C9BCFC39234 /* SecureFocusField.swift */ = {isa = PBXFileReference; includeInIndex = 1; lastKnownFileType = sourcecode.swift; path = SecureFocusField.swift; sourceTree = "<group>"; };
		E88EBC4AED2C7B4160E5DCD7 /* InquiryView.swift */ = {isa = PBXFileReference; includeInIndex = 1; lastKnownFileType = sourcecode.swift; path = InquiryView.swift; sourceTree = "<group>"; };
		EA7E3CC88DCEADC59E0D5E35 /* Pods-smap.release.xcconfig */ = {isa = PBXFileReference; includeInIndex = 1; lastKnownFileType = text.xcconfig; name = "Pods-smap.release.xcconfig"; path = "Target Support Files/Pods-smap/Pods-smap.release.xcconfig"; sourceTree = "<group>"; };
		EB5E8B6769F63DAECC4C6BFB /* LocationDetailPanel.swift */ = {isa = PBXFileReference; includeInIndex = 1; lastKnownFileType = sourcecode.swift; path = LocationDetailPanel.swift; sourceTree = "<group>"; };
		EDA557E6118B97E3C3EF9039 /* ActivityLogModels.swift */ = {isa = PBXFileReference; includeInIndex = 1; lastKnownFileType = sourcecode.swift; path = ActivityLogModels.swift; sourceTree = "<group>"; };
		F2C91D16CC5BFA7761FCBE8A /* HomeModels.swift */ = {isa = PBXFileReference; includeInIndex = 1; lastKnownFileType = sourcecode.swift; path = HomeModels.swift; sourceTree = "<group>"; };
		F49C868EA905A5BA43A716DF /* SMAPButton.swift */ = {isa = PBXFileReference; includeInIndex = 1; lastKnownFileType = sourcecode.swift; path = SMAPButton.swift; sourceTree = "<group>"; };
		F4D21A23274BFE83F2D6DB03 /* FloatingBackgroundView.swift */ = {isa = PBXFileReference; includeInIndex = 1; lastKnownFileType = sourcecode.swift; path = FloatingBackgroundView.swift; sourceTree = "<group>"; };
		F6010CC32F035594008B05B7 /* LICENSE */ = {isa = PBXFileReference; lastKnownFileType = text; path = LICENSE; sourceTree = "<group>"; };
		F6010CC42F035594008B05B7 /* SUITE-Bold.ttf */ = {isa = PBXFileReference; lastKnownFileType = file; path = "SUITE-Bold.ttf"; sourceTree = "<group>"; };
		F6010CC52F035594008B05B7 /* SUITE-ExtraBold.ttf */ = {isa = PBXFileReference; lastKnownFileType = file; path = "SUITE-ExtraBold.ttf"; sourceTree = "<group>"; };
		F6010CC62F035594008B05B7 /* SUITE-Heavy.ttf */ = {isa = PBXFileReference; lastKnownFileType = file; path = "SUITE-Heavy.ttf"; sourceTree = "<group>"; };
		F6010CC72F035594008B05B7 /* SUITE-Light.ttf */ = {isa = PBXFileReference; lastKnownFileType = file; path = "SUITE-Light.ttf"; sourceTree = "<group>"; };
		F6010CC82F035594008B05B7 /* SUITE-Medium.ttf */ = {isa = PBXFileReference; lastKnownFileType = file; path = "SUITE-Medium.ttf"; sourceTree = "<group>"; };
		F6010CC92F035594008B05B7 /* SUITE-Regular.ttf */ = {isa = PBXFileReference; lastKnownFileType = file; path = "SUITE-Regular.ttf"; sourceTree = "<group>"; };
		F6010CCA2F035594008B05B7 /* SUITE-SemiBold.ttf */ = {isa = PBXFileReference; lastKnownFileType = file; path = "SUITE-SemiBold.ttf"; sourceTree = "<group>"; };
		F6010CDE2F03E759008B05B7 /* GroupDetailView.swift */ = {isa = PBXFileReference; lastKnownFileType = sourcecode.swift; path = GroupDetailView.swift; sourceTree = "<group>"; };
		F6010CDF2F03E759008B05B7 /* GroupListView.swift */ = {isa = PBXFileReference; lastKnownFileType = sourcecode.swift; path = GroupListView.swift; sourceTree = "<group>"; };
		F6010CE02F03E759008B05B7 /* QRCodeView.swift */ = {isa = PBXFileReference; lastKnownFileType = sourcecode.swift; path = QRCodeView.swift; sourceTree = "<group>"; };
		F6010CE12F03E759008B05B7 /* ShareOptionsView.swift */ = {isa = PBXFileReference; lastKnownFileType = sourcecode.swift; path = ShareOptionsView.swift; sourceTree = "<group>"; };
		F6E644BC2F04D5A100E1D03E /* LocationSearchView.swift */ = {isa = PBXFileReference; lastKnownFileType = sourcecode.swift; path = LocationSearchView.swift; sourceTree = "<group>"; };
		F6E644C02F058F8000E1D03E /* AppStyles.swift */ = {isa = PBXFileReference; lastKnownFileType = sourcecode.swift; path = AppStyles.swift; sourceTree = "<group>"; };
		FDD6C6A3EF9EA0213CD10D74 /* CustomAppleSignInButton.swift */ = {isa = PBXFileReference; includeInIndex = 1; lastKnownFileType = sourcecode.swift; path = CustomAppleSignInButton.swift; sourceTree = "<group>"; };
		FF2E88340B84F50F0999DBAC /* Shared.xcconfig */ = {isa = PBXFileReference; includeInIndex = 1; lastKnownFileType = text.xcconfig; path = Shared.xcconfig; sourceTree = "<group>"; };
/* End PBXFileReference section */

/* Begin PBXFrameworksBuildPhase section */
		71791CF6431B4027257705BF /* Frameworks */ = {
			isa = PBXFrameworksBuildPhase;
			buildActionMask = 2147483647;
			files = (
				B4DC719F3B3F3F3377E9FB81 /* Foundation.framework in Frameworks */,
				68598F319DBC8C0FC1916EDC /* Pods_smapTests.framework in Frameworks */,
			);
			runOnlyForDeploymentPostprocessing = 0;
		};
		94339A4C2B2BE26F002177C1 /* Frameworks */ = {
			isa = PBXFrameworksBuildPhase;
			buildActionMask = 2147483647;
			files = (
				94418E1F2BD0B88B00836120 /* StoreKit.framework in Frameworks */,
				0F10BD14511AFFF3CBE017E5 /* Pods_smap.framework in Frameworks */,
			);
			runOnlyForDeploymentPostprocessing = 0;
		};
/* End PBXFrameworksBuildPhase section */

/* Begin PBXGroup section */
		00DC182D0F51C14714245690 /* Terms */ = {
			isa = PBXGroup;
			children = (
				74189A75B98AB66BA168AA69 /* TermsViews.swift */,
			);
			name = Terms;
			path = Terms;
			sourceTree = "<group>";
		};
		116E3916A97477F03CB5418B /* DesignSystem */ = {
			isa = PBXGroup;
			children = (
				D27825B44675D62407C83144 /* Components */,
				A8F6BDA102080F14BC5A1377 /* Theme.swift */,
			);
			name = DesignSystem;
			path = DesignSystem;
			sourceTree = "<group>";
		};
		2207BA873CC3307EEC4E594B /* Components */ = {
			isa = PBXGroup;
			children = (
				3D41A5CC31619786DF543A3D /* ScheduleCardView.swift */,
			);
			name = Components;
			path = Components;
			sourceTree = "<group>";
		};
		23BBEB82B54314186EC0ADB2 /* Helpers */ = {
			isa = PBXGroup;
			children = (
				A6E857FB9A66B645DD27275D /* MockURLProtocol.swift */,
			);
			name = Helpers;
			path = Helpers;
			sourceTree = "<group>";
		};
		24EB5D0181B036805032DD93 /* Frameworks */ = {
			isa = PBXGroup;
			children = (
				94418E1E2BD0B88B00836120 /* StoreKit.framework */,
				37FC506E4A26E11B0DA96829 /* Pods_smap.framework */,
				C421BC67EE5FF230E82FE7D2 /* iOS */,
				358E7C44A47807BE3A3431B4 /* Pods_smapTests.framework */,
			);
			name = Frameworks;
			sourceTree = "<group>";
		};
		3A417552C752FFD21422F317 /* MyPlace */ = {
			isa = PBXGroup;
			children = (
				77E9C6311F4640B2DA7A85D6 /* MyPlaceView.swift */,
				EB5E8B6769F63DAECC4C6BFB /* LocationDetailPanel.swift */,
			);
			name = MyPlace;
			path = MyPlace;
			sourceTree = "<group>";
		};
		3C78CF4EC8A8E3D92C50CC46 /* ActivityLog */ = {
			isa = PBXGroup;
			children = (
				18CD7CDF0285FD87D76EFBBB /* ActivityLogView.swift */,
			);
			name = ActivityLog;
			path = ActivityLog;
			sourceTree = "<group>";
		};
		49D09EA62EFAC388C385739E /* smapTests */ = {
			isa = PBXGroup;
			children = (
				A9E2B42038DD89D78086429E /* PlaceholderTests.swift */,
				703A08998D4E015412BCE34B /* Core */,
				23BBEB82B54314186EC0ADB2 /* Helpers */,
				5A63F1A4B4D31D3B7F01C463 /* Services */,
			);
			name = smapTests;
			path = smapTests;
			sourceTree = "<group>";
		};
		4C921E0AE8A662C7E85233AC /* Features */ = {
			isa = PBXGroup;
			children = (
				C4B6A656DF7D4D38E23372E0 /* Auth */,
				61676F0E16E56B74A73A1C26 /* Home */,
				B634CD2D0D8C835CE3E0A949 /* Notifications */,
				3A417552C752FFD21422F317 /* MyPlace */,
				3C78CF4EC8A8E3D92C50CC46 /* ActivityLog */,
				5B9D091FA57094C4AA663A58 /* Registration */,
				FE47BD08A37C59DCFE1D3F63 /* Group */,
				EEE14471CA48C4C1F5359D9F /* Shared */,
				E3B837ECDA5C2875BCDCECC4 /* Schedule */,
				F337F017EC671FEC9BA085D6 /* Settings */,
			);
			name = Features;
			path = Features;
			sourceTree = "<group>";
		};
		559088FA0FACFD7863B1613C /* Support */ = {
			isa = PBXGroup;
			children = (
				5DA26B7F0F63EE8D0E580F20 /* NoticeListView.swift */,
				E88EBC4AED2C7B4160E5DCD7 /* InquiryView.swift */,
				6265B67FBE6A3A536620DAAD /* UserGuideView.swift */,
			);
			name = Support;
			path = Support;
			sourceTree = "<group>";
		};
		5A63F1A4B4D31D3B7F01C463 /* Services */ = {
			isa = PBXGroup;
			children = (
				C22DBEF5E9B35A7FA4E68B02 /* AuthServiceTests.swift */,
				7BB22F47ECA2E49E5A2D6C45 /* GroupServiceTests.swift */,
			);
			name = Services;
			path = Services;
			sourceTree = "<group>";
		};
		5B2180F45B7A49E607693BDE /* Network */ = {
			isa = PBXGroup;
			children = (
				015524C0E4DDFD774AF076D7 /* NetworkError.swift */,
				DD697FC1738D83F5A06E98BE /* APIEndpoint.swift */,
				D22CA221744223B0C67BEC1F /* APIClient.swift */,
			);
			name = Network;
			path = Network;
			sourceTree = "<group>";
		};
		5B9D091FA57094C4AA663A58 /* Registration */ = {
			isa = PBXGroup;
			children = (
				03076EDA34C7E541E218C146 /* NativeRegisterView.swift */,
			);
			name = Registration;
			path = Registration;
			sourceTree = "<group>";
		};
		61676F0E16E56B74A73A1C26 /* Home */ = {
			isa = PBXGroup;
			children = (
				3CC5E70D71F118860FB90A9E /* HomeView.swift */,
				AFB7BBAEEC4C8ADD1A97EBA2 /* SidebarView.swift */,
				A08A0EC8330B484B756CE472 /* HomeHeaderView.swift */,
				02A0539DC922A7FE78E3CE87 /* NaverMapView.swift */,
				2207BA873CC3307EEC4E594B /* Components */,
			);
			name = Home;
			path = Home;
			sourceTree = "<group>";
		};
		6F9DF5911DE3AC88B33B0900 /* Storage */ = {
			isa = PBXGroup;
			children = (
				846D82AE62D1FF1FAFD3B490 /* KeychainManager.swift */,
				84E5F9E1CE2882E5F246A7EC /* UserDefaultsManager.swift */,
				0F2025C78F84D972ACF396A1 /* DataMigration.swift */,
			);
			name = Storage;
			path = Storage;
			sourceTree = "<group>";
		};
		703A08998D4E015412BCE34B /* Core */ = {
			isa = PBXGroup;
			children = (
				EF6250BE3F2FE3F5FABE987C /* Network */,
				89554FCD7F12431B10A8D32C /* Storage */,
			);
			name = Core;
			path = Core;
			sourceTree = "<group>";
		};
		80E9B37887761E3EB7FA9B06 /* Pods */ = {
			isa = PBXGroup;
			children = (
				A658788DFD22BBB65D68B968 /* Pods-smap.debug.xcconfig */,
				EA7E3CC88DCEADC59E0D5E35 /* Pods-smap.release.xcconfig */,
				1543F20C479DC08F43430167 /* Pods-smapTests.release.xcconfig */,
				4C4397311CA36B89D18C465F /* Pods-smapTests.debug.xcconfig */,
			);
			path = Pods;
			sourceTree = "<group>";
		};
		895217284F492312CADE1739 /* Components */ = {
			isa = PBXGroup;
			children = (
				01EE0A92648F52B4CE24F7A0 /* HapticManager.swift */,
				E2A02ACE6F91BA98F264AFD8 /* PhoneTextField.swift */,
				F4D21A23274BFE83F2D6DB03 /* FloatingBackgroundView.swift */,
				5587D43A89157332BFA10424 /* RoundedCorner.swift */,
				039D288D49E05BAF86EFB1AC /* ActivityIndicator.swift */,
				C5C9B0F080B4BC5600FCEE94 /* DatePickerWith10MinInterval.swift */,
				BB1D9F49827B5A03E90C884C /* MapLoadingOverlay.swift */,
				2FB0289DFA9DB5160EC07275 /* ImagePicker.swift */,
			);
			name = Components;
			path = Components;
			sourceTree = "<group>";
		};
		89554FCD7F12431B10A8D32C /* Storage */ = {
			isa = PBXGroup;
			children = (
				AB01FED42F3C817D4F548182 /* KeychainManagerTests.swift */,
				BBEF99544122643C1993480F /* UserDefaultsManagerTests.swift */,
				A285D1EDA2D7751AD0989FE6 /* DataMigrationTests.swift */,
			);
			name = Storage;
			path = Storage;
			sourceTree = "<group>";
		};
		94339A462B2BE26F002177C1 = {
			isa = PBXGroup;
			children = (
				F6E644C02F058F8000E1D03E /* AppStyles.swift */,
				94339A512B2BE26F002177C1 /* smap */,
				94339A502B2BE26F002177C1 /* Products */,
				80E9B37887761E3EB7FA9B06 /* Pods */,
				24EB5D0181B036805032DD93 /* Frameworks */,
				49D09EA62EFAC388C385739E /* smapTests */,
				C43ED01565EB76844617BD5E /* Config */,
			);
			sourceTree = "<group>";
		};
		94339A502B2BE26F002177C1 /* Products */ = {
			isa = PBXGroup;
			children = (
				94339A4F2B2BE26F002177C1 /* smap.app */,
				62E3750BD06FB7857AEC15A6 /* smapTests.xctest */,
			);
			name = Products;
			sourceTree = "<group>";
		};
		94339A512B2BE26F002177C1 /* smap */ = {
			isa = PBXGroup;
			children = (
				F6010CCB2F035594008B05B7 /* Font */,
				948ABEF42BAA81E900023DFD /* smap.entitlements */,
				94339A662B2BE295002177C1 /* Http */,
				94339A672B2BE2C1002177C1 /* Helper */,
				94339A782B2BEFA8002177C1 /* Intro */,
				94339A792B2BEFAF002177C1 /* Main */,
				A1B2C3D40021 /* Models */,
				A1B2C3D40022 /* Services */,
				A1B2C3D40023 /* ViewModels */,
				A1B2C3D40024 /* Views */,
				94339A522B2BE26F002177C1 /* AppDelegate.swift */,
				94339A582B2BE26F002177C1 /* Main.storyboard */,
				94339A5B2B2BE271002177C1 /* Assets.xcassets */,
				94339A5D2B2BE271002177C1 /* LaunchScreen.storyboard */,
				94339A602B2BE271002177C1 /* Info.plist */,
				94F4BC342BB6B5F600987BC4 /* GoogleService-Info.plist */,
				FD29289CF00E3332E0B6DB82 /* App */,
				D768E0C5807FBB8F219C6E85 /* Core */,
				116E3916A97477F03CB5418B /* DesignSystem */,
				4C921E0AE8A662C7E85233AC /* Features */,
			);
			path = smap;
			sourceTree = "<group>";
		};
		94339A662B2BE295002177C1 /* Http */ = {
			isa = PBXGroup;
			children = (
				948ABEF52BAA8D4300023DFD /* Http.swift */,
			);
			path = Http;
			sourceTree = "<group>";
		};
		94339A672B2BE2C1002177C1 /* Helper */ = {
			isa = PBXGroup;
			children = (
				94339A6C2B2BE302002177C1 /* Data */,
				94339A6D2B2BE314002177C1 /* Utils.swift */,
				94339A6F2B2BE323002177C1 /* Extensions.swift */,
				94339A762B2BE409002177C1 /* LocationService.swift */,
				94418E202BD0C38E00836120 /* StoreKitManager.swift */,
			);
			path = Helper;
			sourceTree = "<group>";
		};
		94339A6C2B2BE302002177C1 /* Data */ = {
			isa = PBXGroup;
			children = (
				94339A682B2BE2E5002177C1 /* BaseResult.swift */,
				948ABEF72BAA8F0300023DFD /* AuthData.swift */,
				948ABEFB2BAA8FBE00023DFD /* MltGpsData.swift */,
			);
			path = Data;
			sourceTree = "<group>";
		};
		94339A782B2BEFA8002177C1 /* Intro */ = {
			isa = PBXGroup;
			children = (
				94339A7A2B2BEFC9002177C1 /* IntroView.swift */,
			);
			path = Intro;
			sourceTree = "<group>";
		};
		94339A792B2BEFAF002177C1 /* Main */ = {
			isa = PBXGroup;
			children = (
				94339A7C2B2BEFD1002177C1 /* MainView.swift */,
			);
			path = Main;
			sourceTree = "<group>";
		};
		A1B2C3D40021 /* Models */ = {
			isa = PBXGroup;
			children = (
				A1B2C3D40011 /* LoginModels.swift */,
				D6D87D2AFF60A6553D2F16E7 /* NotificationModels.swift */,
				4EC6364864F595F85F7C7559 /* MyPlaceModels.swift */,
				F2C91D16CC5BFA7761FCBE8A /* HomeModels.swift */,
				EDA557E6118B97E3C3EF9039 /* ActivityLogModels.swift */,
				637AE176A6DB0408B597EC27 /* ScheduleModels.swift */,
				9A604E96A4889B4AC3055E86 /* NoticeModels.swift */,
			);
			path = Models;
			sourceTree = "<group>";
		};
		A1B2C3D40022 /* Services */ = {
			isa = PBXGroup;
			children = (
				A1B2C3D40012 /* AuthService.swift */,
				AC62D12FBC527A10551D4FB2 /* GroupService.swift */,
				BC8E7FB0E82B413EEE836BDA /* FCMService.swift */,
				DA6CF58C88788CD855B7AB6C /* DeepLinkService.swift */,
				AD736AA6B14C18777AC6D3A6 /* NotificationService.swift */,
				6D69047014955AD0869DDC13 /* MyPlaceService.swift */,
				01AB323A5328F03F04508F13 /* ActivityLogService.swift */,
				3890E11DD9B82BA5B146AB8A /* ScheduleService.swift */,
				917653CD5E9DF6A39F3C0D80 /* NoticeService.swift */,
			);
			path = Services;
			sourceTree = "<group>";
		};
		A1B2C3D40023 /* ViewModels */ = {
			isa = PBXGroup;
			children = (
				A1B2C3D40013 /* LoginViewModel.swift */,
				6482EE75F8FB57368F9AA596 /* GroupViewModel.swift */,
				BC5F00CCC9CFC0214C3C7BFE /* HomeViewModel.swift */,
				285E670B2BE041238BAE16E0 /* NotificationViewModel.swift */,
				C553883905483D628F4A4375 /* MyPlaceViewModel.swift */,
				B72F05B895819BAFC4076504 /* ActivityLogViewModel.swift */,
				323222C5B115ACF767443FD3 /* ScheduleViewModel.swift */,
			);
			path = ViewModels;
			sourceTree = "<group>";
		};
		A1B2C3D40024 /* Views */ = {
			isa = PBXGroup;
			children = (
				F6E644BC2F04D5A100E1D03E /* LocationSearchView.swift */,
				F6010CDE2F03E759008B05B7 /* GroupDetailView.swift */,
				F6010CDF2F03E759008B05B7 /* GroupListView.swift */,
				F6010CE02F03E759008B05B7 /* QRCodeView.swift */,
				F6010CE12F03E759008B05B7 /* ShareOptionsView.swift */,
				A1B2C3D40015 /* RootCoordinatorView.swift */,
				6A670E36D750FC71D89DF058 /* WithdrawView.swift */,
			);
			path = Views;
			sourceTree = "<group>";
		};
		B634CD2D0D8C835CE3E0A949 /* Notifications */ = {
			isa = PBXGroup;
			children = (
				6D2471D9A3E0A1AAC834D160 /* NotificationListView.swift */,
				CD9EEC516EDA6F9D1D3EE1B5 /* NotificationRow.swift */,
			);
			name = Notifications;
			path = Notifications;
			sourceTree = "<group>";
		};
		C421BC67EE5FF230E82FE7D2 /* iOS */ = {
			isa = PBXGroup;
			children = (
				DC1B67D2BBBF002A1F25E204 /* Foundation.framework */,
			);
			name = iOS;
			sourceTree = "<group>";
		};
		C43ED01565EB76844617BD5E /* Config */ = {
			isa = PBXGroup;
			children = (
				AD7A59FABE69C71E3559B181 /* Debug.xcconfig */,
				2BA1F183FACB1962B895B550 /* Release.xcconfig */,
				FF2E88340B84F50F0999DBAC /* Shared.xcconfig */,
				35C8904AB8B944173F6017D7 /* Debug.xcconfig.example */,
			);
			name = Config;
			path = Config;
			sourceTree = "<group>";
		};
		C4B6A656DF7D4D38E23372E0 /* Auth */ = {
			isa = PBXGroup;
			children = (
				A0BA036646484BBA5BCAD000 /* LoginView.swift */,
				69787EBD2F135911C7C500D2 /* ForgotPasswordView.swift */,
				D250D2A68DD7B8028DF47804 /* Components */,
			);
			name = Auth;
			path = Auth;
			sourceTree = "<group>";
		};
		D250D2A68DD7B8028DF47804 /* Components */ = {
			isa = PBXGroup;
			children = (
				48320A69D7851035F3D8E296 /* FocusableTextField.swift */,
				E77034C856577C9BCFC39234 /* SecureFocusField.swift */,
				FDD6C6A3EF9EA0213CD10D74 /* CustomAppleSignInButton.swift */,
				E5DABB42E6265FB9E0530FED /* GoogleLogoView.swift */,
			);
			name = Components;
			path = Components;
			sourceTree = "<group>";
		};
		D27825B44675D62407C83144 /* Components */ = {
			isa = PBXGroup;
			children = (
				F49C868EA905A5BA43A716DF /* SMAPButton.swift */,
				24ADB4DD2C3D90F283A452AB /* SMAPTextField.swift */,
				18493739DEB5E311957CE00E /* SMAPLoadingView.swift */,
				16F34A3F1A8B143430D99E8A /* SMAPSnackBar.swift */,
			);
			name = Components;
			path = Components;
			sourceTree = "<group>";
		};
		D768E0C5807FBB8F219C6E85 /* Core */ = {
			isa = PBXGroup;
			children = (
				5B2180F45B7A49E607693BDE /* Network */,
				6F9DF5911DE3AC88B33B0900 /* Storage */,
			);
			name = Core;
			path = Core;
			sourceTree = "<group>";
		};
		E3B837ECDA5C2875BCDCECC4 /* Schedule */ = {
			isa = PBXGroup;
			children = (
				4966457FF96D5CB6773C3483 /* NativeScheduleListView.swift */,
				7764DEAEC3C5FA8917996CC4 /* ScheduleFormView.swift */,
			);
			name = Schedule;
			path = Schedule;
			sourceTree = "<group>";
		};
		EEE14471CA48C4C1F5359D9F /* Shared */ = {
			isa = PBXGroup;
			children = (
				7EA413D4AEAFB6F0BFEF8C0D /* MainTabView.swift */,
				895217284F492312CADE1739 /* Components */,
			);
			name = Shared;
			path = Shared;
			sourceTree = "<group>";
		};
		EF6250BE3F2FE3F5FABE987C /* Network */ = {
			isa = PBXGroup;
			children = (
				65320A8BB93E6B422E7E9185 /* NetworkErrorTests.swift */,
				CDC76362DAC64DB193EB137B /* APIEndpointTests.swift */,
				C8794820D7585E07BB427EEC /* APIClientTests.swift */,
			);
			name = Network;
			path = Network;
			sourceTree = "<group>";
		};
		F337F017EC671FEC9BA085D6 /* Settings */ = {
			isa = PBXGroup;
			children = (
				46B7D7E7D275F79294EC37E3 /* AccountSettingsView.swift */,
				4998585714C98478853DF466 /* EditProfileView.swift */,
				6377EF3F7BCBFF01B8C7D18F /* ChangePasswordView.swift */,
				00DC182D0F51C14714245690 /* Terms */,
				559088FA0FACFD7863B1613C /* Support */,
			);
			name = Settings;
			path = Settings;
			sourceTree = "<group>";
		};
		F6010CCB2F035594008B05B7 /* Font */ = {
			isa = PBXGroup;
			children = (
				F6010CC32F035594008B05B7 /* LICENSE */,
				F6010CC42F035594008B05B7 /* SUITE-Bold.ttf */,
				F6010CC52F035594008B05B7 /* SUITE-ExtraBold.ttf */,
				F6010CC62F035594008B05B7 /* SUITE-Heavy.ttf */,
				F6010CC72F035594008B05B7 /* SUITE-Light.ttf */,
				F6010CC82F035594008B05B7 /* SUITE-Medium.ttf */,
				F6010CC92F035594008B05B7 /* SUITE-Regular.ttf */,
				F6010CCA2F035594008B05B7 /* SUITE-SemiBold.ttf */,
			);
			path = Font;
			sourceTree = "<group>";
		};
		FD29289CF00E3332E0B6DB82 /* App */ = {
			isa = PBXGroup;
			children = (
				5276E8F7F9EB554FB0284094 /* AppConfiguration.swift */,
				D95CD631AC850AB0FF7A852C /* SmapApp.swift */,
				65CCDED888D125A36702CFCA /* RootView.swift */,
			);
			name = App;
			path = App;
			sourceTree = "<group>";
		};
		FE47BD08A37C59DCFE1D3F63 /* Group */ = {
			isa = PBXGroup;
			children = (
				2A6DAE526BDE5CED20EE42D2 /* GroupCreationView.swift */,
			);
			name = Group;
			path = Group;
			sourceTree = "<group>";
		};
/* End PBXGroup section */

/* Begin PBXNativeTarget section */
		75A8F7A9039562E8F12888F0 /* smapTests */ = {
			isa = PBXNativeTarget;
			buildConfigurationList = 16256502FD04D85F72A2CE62 /* Build configuration list for PBXNativeTarget "smapTests" */;
			buildPhases = (
				88B85B859FD4B4819051B32D /* [CP] Check Pods Manifest.lock */,
				C8FA1FAF1AA0B7C37957AE0C /* Sources */,
				71791CF6431B4027257705BF /* Frameworks */,
				45DCA496AA140B919572C314 /* Resources */,
			);
			buildRules = (
			);
			dependencies = (
				170537134F38560E4974575F /* PBXTargetDependency */,
			);
			name = smapTests;
			productName = smapTests;
			productReference = 62E3750BD06FB7857AEC15A6 /* smapTests.xctest */;
			productType = "com.apple.product-type.bundle.unit-test";
		};
		94339A4E2B2BE26F002177C1 /* smap */ = {
			isa = PBXNativeTarget;
			buildConfigurationList = 94339A632B2BE271002177C1 /* Build configuration list for PBXNativeTarget "smap" */;
			buildPhases = (
				CA215A669713A0764EF8E268 /* [CP] Check Pods Manifest.lock */,
				94339A4B2B2BE26F002177C1 /* Sources */,
				94339A4C2B2BE26F002177C1 /* Frameworks */,
				94339A4D2B2BE26F002177C1 /* Resources */,
				FC714BA292405413808FC0AF /* [CP] Embed Pods Frameworks */,
			);
			buildRules = (
			);
			dependencies = (
			);
			name = smap;
			productName = smap;
			productReference = 94339A4F2B2BE26F002177C1 /* smap.app */;
			productType = "com.apple.product-type.application";
		};
/* End PBXNativeTarget section */

/* Begin PBXProject section */
		94339A472B2BE26F002177C1 /* Project object */ = {
			isa = PBXProject;
			attributes = {
				BuildIndependentTargetsInParallel = 1;
				LastSwiftUpdateCheck = 1500;
				LastUpgradeCheck = 1500;
				TargetAttributes = {
					94339A4E2B2BE26F002177C1 = {
						CreatedOnToolsVersion = 15.0.1;
					};
				};
			};
			buildConfigurationList = 94339A4A2B2BE26F002177C1 /* Build configuration list for PBXProject "smap" */;
			compatibilityVersion = "Xcode 14.0";
			developmentRegion = en;
			hasScannedForEncodings = 0;
			knownRegions = (
				en,
				Base,
				es,
				fil,
				hi,
				id,
				ja,
				th,
				vi,
				ko,
			);
			mainGroup = 94339A462B2BE26F002177C1;
			productRefGroup = 94339A502B2BE26F002177C1 /* Products */;
			projectDirPath = "";
			projectRoot = "";
			targets = (
				94339A4E2B2BE26F002177C1 /* smap */,
				75A8F7A9039562E8F12888F0 /* smapTests */,
			);
		};
/* End PBXProject section */

/* Begin PBXResourcesBuildPhase section */
		45DCA496AA140B919572C314 /* Resources */ = {
			isa = PBXResourcesBuildPhase;
			buildActionMask = 2147483647;
			files = (
			);
			runOnlyForDeploymentPostprocessing = 0;
		};
		94339A4D2B2BE26F002177C1 /* Resources */ = {
			isa = PBXResourcesBuildPhase;
			buildActionMask = 2147483647;
			files = (
				F6010CCC2F035594008B05B7 /* SUITE-Bold.ttf in Resources */,
				F6010CCD2F035594008B05B7 /* SUITE-SemiBold.ttf in Resources */,
				F6010CCE2F035594008B05B7 /* SUITE-ExtraBold.ttf in Resources */,
				F6010CCF2F035594008B05B7 /* SUITE-Regular.ttf in Resources */,
				F6010CD02F035594008B05B7 /* SUITE-Heavy.ttf in Resources */,
				F6010CD12F035594008B05B7 /* SUITE-Medium.ttf in Resources */,
				F6010CD22F035594008B05B7 /* LICENSE in Resources */,
				F6010CD32F035594008B05B7 /* SUITE-Light.ttf in Resources */,
				94339A5F2B2BE271002177C1 /* LaunchScreen.storyboard in Resources */,
				94F4BC352BB6B5F600987BC4 /* GoogleService-Info.plist in Resources */,
				94339A5C2B2BE271002177C1 /* Assets.xcassets in Resources */,
				94339A5A2B2BE26F002177C1 /* Main.storyboard in Resources */,
			);
			runOnlyForDeploymentPostprocessing = 0;
		};
/* End PBXResourcesBuildPhase section */

/* Begin PBXShellScriptBuildPhase section */
		88B85B859FD4B4819051B32D /* [CP] Check Pods Manifest.lock */ = {
			isa = PBXShellScriptBuildPhase;
			buildActionMask = 2147483647;
			files = (
			);
			inputFileListPaths = (
			);
			inputPaths = (
				"${PODS_PODFILE_DIR_PATH}/Podfile.lock",
				"${PODS_ROOT}/Manifest.lock",
			);
			name = "[CP] Check Pods Manifest.lock";
			outputFileListPaths = (
			);
			outputPaths = (
				"$(DERIVED_FILE_DIR)/Pods-smapTests-checkManifestLockResult.txt",
			);
			runOnlyForDeploymentPostprocessing = 0;
			shellPath = /bin/sh;
			shellScript = "diff \"${PODS_PODFILE_DIR_PATH}/Podfile.lock\" \"${PODS_ROOT}/Manifest.lock\" > /dev/null\nif [ $? != 0 ] ; then\n    # print error to STDERR\n    echo \"error: The sandbox is not in sync with the Podfile.lock. Run 'pod install' or update your CocoaPods installation.\" >&2\n    exit 1\nfi\n# This output is used by Xcode 'outputs' to avoid re-running this script phase.\necho \"SUCCESS\" > \"${SCRIPT_OUTPUT_FILE_0}\"\n";
			showEnvVarsInLog = 0;
		};
		CA215A669713A0764EF8E268 /* [CP] Check Pods Manifest.lock */ = {
			isa = PBXShellScriptBuildPhase;
			buildActionMask = 2147483647;
			files = (
			);
			inputFileListPaths = (
			);
			inputPaths = (
				"${PODS_PODFILE_DIR_PATH}/Podfile.lock",
				"${PODS_ROOT}/Manifest.lock",
			);
			name = "[CP] Check Pods Manifest.lock";
			outputFileListPaths = (
			);
			outputPaths = (
				"$(DERIVED_FILE_DIR)/Pods-smap-checkManifestLockResult.txt",
			);
			runOnlyForDeploymentPostprocessing = 0;
			shellPath = /bin/sh;
			shellScript = "diff \"${PODS_PODFILE_DIR_PATH}/Podfile.lock\" \"${PODS_ROOT}/Manifest.lock\" > /dev/null\nif [ $? != 0 ] ; then\n    # print error to STDERR\n    echo \"error: The sandbox is not in sync with the Podfile.lock. Run 'pod install' or update your CocoaPods installation.\" >&2\n    exit 1\nfi\n# This output is used by Xcode 'outputs' to avoid re-running this script phase.\necho \"SUCCESS\" > \"${SCRIPT_OUTPUT_FILE_0}\"\n";
			showEnvVarsInLog = 0;
		};
		FC714BA292405413808FC0AF /* [CP] Embed Pods Frameworks */ = {
			isa = PBXShellScriptBuildPhase;
			buildActionMask = 2147483647;
			files = (
			);
			inputFileListPaths = (
				"${PODS_ROOT}/Target Support Files/Pods-smap/Pods-smap-frameworks-${CONFIGURATION}-input-files.xcfilelist",
			);
			name = "[CP] Embed Pods Frameworks";
			outputFileListPaths = (
				"${PODS_ROOT}/Target Support Files/Pods-smap/Pods-smap-frameworks-${CONFIGURATION}-output-files.xcfilelist",
			);
			runOnlyForDeploymentPostprocessing = 0;
			shellPath = /bin/sh;
			shellScript = "\"${PODS_ROOT}/Target Support Files/Pods-smap/Pods-smap-frameworks.sh\"\n";
			showEnvVarsInLog = 0;
		};
/* End PBXShellScriptBuildPhase section */

/* Begin PBXSourcesBuildPhase section */
		94339A4B2B2BE26F002177C1 /* Sources */ = {
			isa = PBXSourcesBuildPhase;
			buildActionMask = 2147483647;
			files = (
				94339A7D2B2BEFD1002177C1 /* MainView.swift in Sources */,
				94339A772B2BE409002177C1 /* LocationService.swift in Sources */,
				F6010CE22F03E759008B05B7 /* GroupDetailView.swift in Sources */,
				F6010CE32F03E759008B05B7 /* GroupListView.swift in Sources */,
				F6010CE42F03E759008B05B7 /* ShareOptionsView.swift in Sources */,
				F6010CE52F03E759008B05B7 /* QRCodeView.swift in Sources */,
				948ABEF82BAA8F0300023DFD /* AuthData.swift in Sources */,
				94339A692B2BE2E5002177C1 /* BaseResult.swift in Sources */,
				948ABEF62BAA8D4300023DFD /* Http.swift in Sources */,
				94339A532B2BE26F002177C1 /* AppDelegate.swift in Sources */,
				948ABEFC2BAA8FBE00023DFD /* MltGpsData.swift in Sources */,
				94418E212BD0C38E00836120 /* StoreKitManager.swift in Sources */,
				94339A6E2B2BE314002177C1 /* Utils.swift in Sources */,
				94339A7B2B2BEFC9002177C1 /* IntroView.swift in Sources */,
				94339A702B2BE323002177C1 /* Extensions.swift in Sources */,
				A1B2C3D40001 /* LoginModels.swift in Sources */,
				A1B2C3D40002 /* AuthService.swift in Sources */,
				A1B2C3D40003 /* LoginViewModel.swift in Sources */,
				F6E644BD2F04D5A100E1D03E /* LocationSearchView.swift in Sources */,
				A1B2C3D40005 /* RootCoordinatorView.swift in Sources */,
				067DD5BC4F9A7B5551B9FD4E /* AppConfiguration.swift in Sources */,
				E424ECF29A5C98D0CE6257AB /* NetworkError.swift in Sources */,
				3D5E7B1D367F512422B8C08A /* APIEndpoint.swift in Sources */,
				2DFB1160235A3F1D99E22B25 /* APIClient.swift in Sources */,
				CF30A8F7B5222FBC7B041BFE /* KeychainManager.swift in Sources */,
				B20C990C52F079F35037935F /* UserDefaultsManager.swift in Sources */,
				06C6150BCC131DA8C2455FF0 /* DataMigration.swift in Sources */,
				8F6FBE0745963AFADB7FCD59 /* Theme.swift in Sources */,
				7B3BDD67E349F3AE195AEAE0 /* SMAPButton.swift in Sources */,
				B85D4559B18C1D8AFD42FDC7 /* SMAPTextField.swift in Sources */,
				4215AE05A4B3B081BD9C9BF2 /* SMAPLoadingView.swift in Sources */,
				7D54FC619E5AE0816B42F335 /* SMAPSnackBar.swift in Sources */,
				375C873CC460DC9644A11067 /* GroupService.swift in Sources */,
				2F03E9F9C5537F7D6337263F /* FCMService.swift in Sources */,
				D8E08C312831C21689EFE9F2 /* DeepLinkService.swift in Sources */,
				4410063E7C2AFE10FDE434F7 /* SmapApp.swift in Sources */,
				5DC0069666700DE0509800A2 /* RootView.swift in Sources */,
				F6B791979B56F9EF688C4DB4 /* NotificationModels.swift in Sources */,
				78D094598CC1522B6A0A53E2 /* MyPlaceModels.swift in Sources */,
				B07F361F901BF86CBDE2D358 /* HomeModels.swift in Sources */,
				BA097A12C2B77A5FE2D232AD /* NotificationService.swift in Sources */,
				A4A1506382D5EF027A357E34 /* MyPlaceService.swift in Sources */,
				16ADB0E846CAB0CAE24A1698 /* GroupViewModel.swift in Sources */,
				D2F191C0F75FEE18DDCD1BDB /* HomeViewModel.swift in Sources */,
				3CB781560ED5F8A24B9B0F54 /* NotificationViewModel.swift in Sources */,
				1BA2CF580A71FE22D923090F /* MyPlaceViewModel.swift in Sources */,
				876BE2B856B8351FEEEC7C59 /* ActivityLogService.swift in Sources */,
				B18E36A979FF29AC3CF39802 /* ActivityLogViewModel.swift in Sources */,
				6FB7245E0707DE133EE17ECD /* ActivityLogModels.swift in Sources */,
				8D9A42E2E12CABA6E45C4CEC /* LoginView.swift in Sources */,
				337C1F211D0E71F5EB0F5118 /* ForgotPasswordView.swift in Sources */,
				3BF99816B5BD5E44DE2C8324 /* FocusableTextField.swift in Sources */,
				121DBEF14ECA1DC5F374FDC0 /* SecureFocusField.swift in Sources */,
				58883AF96AB0A49B24C74055 /* CustomAppleSignInButton.swift in Sources */,
				239BDBDE0C223BAE59D93C24 /* GoogleLogoView.swift in Sources */,
				59B6A666C837AA25E0B02BD6 /* HomeView.swift in Sources */,
				CC18AF767D32BCCBA0CBE488 /* SidebarView.swift in Sources */,
				BF971E8194AEAEF92AFAAFD5 /* HomeHeaderView.swift in Sources */,
				7FCE3529A757B3B1673CD8B2 /* NaverMapView.swift in Sources */,
				97334299BB6EFB6F53BA9D4B /* ScheduleCardView.swift in Sources */,
				5A74E8C3F2A6BA0C9EC14C2C /* NotificationListView.swift in Sources */,
				D89E3E849465DD43116D9358 /* NotificationRow.swift in Sources */,
				E7DAA5133554963C81445039 /* MyPlaceView.swift in Sources */,
				5AD260155CB7F6B537BA7E93 /* LocationDetailPanel.swift in Sources */,
				4F97298602861A4CC0F8C94B /* ActivityLogView.swift in Sources */,
				52DD58CD50F2A4912806E713 /* NativeRegisterView.swift in Sources */,
				B0E5B55E62CC25B82FD791A3 /* GroupCreationView.swift in Sources */,
				D39DB6CD1E613EAFC4DBAB46 /* MainTabView.swift in Sources */,
				0982335F7C2A76E6FD160431 /* HapticManager.swift in Sources */,
				7272DE8D184A4000ED7906F6 /* PhoneTextField.swift in Sources */,
				9B19896A9DFBE962275EDA56 /* FloatingBackgroundView.swift in Sources */,
				3FDED34CFC66AC1AC456DB49 /* RoundedCorner.swift in Sources */,
				A6BFED3F483F38129E1A0A5A /* ScheduleModels.swift in Sources */,
				D845AF1DDE0256AA17820CAC /* NoticeModels.swift in Sources */,
				A6A0586B0397198F2AF81B87 /* ScheduleService.swift in Sources */,
				05355DF893CDC6A514475030 /* NoticeService.swift in Sources */,
				F968C04DC541BC37FECF83B3 /* ScheduleViewModel.swift in Sources */,
				0231D220B1DD3440E7CAADD1 /* NativeScheduleListView.swift in Sources */,
				66D56A660C6E4C88E0AE1EC1 /* ScheduleFormView.swift in Sources */,
				59DB9DD0F3A270AEA22BB449 /* AccountSettingsView.swift in Sources */,
				2E54072A092398DCC9D26CD2 /* EditProfileView.swift in Sources */,
				D7A062D41C9F5C04C7F919AC /* ChangePasswordView.swift in Sources */,
				4762DFB4609DA8F43C81FF56 /* TermsViews.swift in Sources */,
				72EFE7D7C2BEF97C98AFDB18 /* NoticeListView.swift in Sources */,
				AA4FA87FA06D765B2BA2882C /* InquiryView.swift in Sources */,
				410DE660CAF15CE6A9CEF60A /* UserGuideView.swift in Sources */,
				7B60EB6E35CDFA4AA56FCDD4 /* ActivityIndicator.swift in Sources */,
				1CC172CA1B02FC2ADA76D1F8 /* DatePickerWith10MinInterval.swift in Sources */,
				035F02E6E98DD0D9AE5B71D3 /* MapLoadingOverlay.swift in Sources */,
				74DE4DEA68BBA71092E9E720 /* ImagePicker.swift in Sources */,
				58FB60A84CDC19A4B17C4322 /* WithdrawView.swift in Sources */,
			);
			runOnlyForDeploymentPostprocessing = 0;
		};
		C8FA1FAF1AA0B7C37957AE0C /* Sources */ = {
			isa = PBXSourcesBuildPhase;
			buildActionMask = 2147483647;
			files = (
				17CB2A28F3CAA2D170BD8FCF /* PlaceholderTests.swift in Sources */,
				05B3502305B5521A68675EF9 /* NetworkErrorTests.swift in Sources */,
				2F6C4327DCBD332F30081EAB /* APIEndpointTests.swift in Sources */,
				EF3267D73FEB1306499EA513 /* APIClientTests.swift in Sources */,
				812C6D4A8BFC26DF9D7C3DB1 /* KeychainManagerTests.swift in Sources */,
				002FFB7C69C962F6EDA964C9 /* UserDefaultsManagerTests.swift in Sources */,
				21B1B201D32CBA943DA80918 /* DataMigrationTests.swift in Sources */,
				5E6CED4CBEC392A0A1DA64FC /* MockURLProtocol.swift in Sources */,
				A00AFEC1ED4745714ACBE748 /* GroupServiceTests.swift in Sources */,
				B11CAFE4D8A24F6E9C3D7A01 /* AuthServiceTests.swift in Sources */,
			);
			runOnlyForDeploymentPostprocessing = 0;
		};
/* End PBXSourcesBuildPhase section */

/* Begin PBXTargetDependency section */
		170537134F38560E4974575F /* PBXTargetDependency */ = {
			isa = PBXTargetDependency;
			name = smap;
			target = 94339A4E2B2BE26F002177C1 /* smap */;
			targetProxy = 3E0E1D1C419CA17C7938B70C /* PBXContainerItemProxy */;
		};
/* End PBXTargetDependency section */

/* Begin PBXVariantGroup section */
		94339A582B2BE26F002177C1 /* Main.storyboard */ = {
			isa = PBXVariantGroup;
			children = (
				94339A592B2BE26F002177C1 /* Base */,
			);
			name = Main.storyboard;
			sourceTree = "<group>";
		};
		94339A5D2B2BE271002177C1 /* LaunchScreen.storyboard */ = {
			isa = PBXVariantGroup;
			children = (
				94339A5E2B2BE271002177C1 /* Base */,
			);
			name = LaunchScreen.storyboard;
			sourceTree = "<group>";
		};
/* End PBXVariantGroup section */

/* Begin XCBuildConfiguration section */
		94339A612B2BE271002177C1 /* Debug */ = {
			isa = XCBuildConfiguration;
			baseConfigurationReference = AD7A59FABE69C71E3559B181 /* Debug.xcconfig */;
			buildSettings = {
				ALWAYS_SEARCH_USER_PATHS = NO;
				ASSETCATALOG_COMPILER_GENERATE_SWIFT_ASSET_SYMBOL_EXTENSIONS = YES;
				CLANG_ANALYZER_NONNULL = YES;
				CLANG_ANALYZER_NUMBER_OBJECT_CONVERSION = YES_AGGRESSIVE;
				CLANG_CXX_LANGUAGE_STANDARD = "gnu++20";
				CLANG_ENABLE_MODULES = YES;
				CLANG_ENABLE_OBJC_ARC = YES;
				CLANG_ENABLE_OBJC_WEAK = YES;
				CLANG_WARN_BLOCK_CAPTURE_AUTORELEASING = YES;
				CLANG_WARN_BOOL_CONVERSION = YES;
				CLANG_WARN_COMMA = YES;
				CLANG_WARN_CONSTANT_CONVERSION = YES;
				CLANG_WARN_DEPRECATED_OBJC_IMPLEMENTATIONS = YES;
				CLANG_WARN_DIRECT_OBJC_ISA_USAGE = YES_ERROR;
				CLANG_WARN_DOCUMENTATION_COMMENTS = YES;
				CLANG_WARN_EMPTY_BODY = YES;
				CLANG_WARN_ENUM_CONVERSION = YES;
				CLANG_WARN_INFINITE_RECURSION = YES;
				CLANG_WARN_INT_CONVERSION = YES;
				CLANG_WARN_NON_LITERAL_NULL_CONVERSION = YES;
				CLANG_WARN_OBJC_IMPLICIT_RETAIN_SELF = YES;
				CLANG_WARN_OBJC_LITERAL_CONVERSION = YES;
				CLANG_WARN_OBJC_ROOT_CLASS = YES_ERROR;
				CLANG_WARN_QUOTED_INCLUDE_IN_FRAMEWORK_HEADER = YES;
				CLANG_WARN_RANGE_LOOP_ANALYSIS = YES;
				CLANG_WARN_STRICT_PROTOTYPES = YES;
				CLANG_WARN_SUSPICIOUS_MOVE = YES;
				CLANG_WARN_UNGUARDED_AVAILABILITY = YES_AGGRESSIVE;
				CLANG_WARN_UNREACHABLE_CODE = YES;
				CLANG_WARN__DUPLICATE_METHOD_MATCH = YES;
				COPY_PHASE_STRIP = NO;
				DEBUG_INFORMATION_FORMAT = dwarf;
				ENABLE_STRICT_OBJC_MSGSEND = YES;
				ENABLE_TESTABILITY = YES;
				ENABLE_USER_SCRIPT_SANDBOXING = YES;
				GCC_C_LANGUAGE_STANDARD = gnu17;
				GCC_DYNAMIC_NO_PIC = NO;
				GCC_NO_COMMON_BLOCKS = YES;
				GCC_OPTIMIZATION_LEVEL = 0;
				GCC_PREPROCESSOR_DEFINITIONS = (
					"DEBUG=1",
					"$(inherited)",
				);
				GCC_WARN_64_TO_32_BIT_CONVERSION = YES;
				GCC_WARN_ABOUT_RETURN_TYPE = YES_ERROR;
				GCC_WARN_UNDECLARED_SELECTOR = YES;
				GCC_WARN_UNINITIALIZED_AUTOS = YES_AGGRESSIVE;
				GCC_WARN_UNUSED_FUNCTION = YES;
				GCC_WARN_UNUSED_VARIABLE = YES;
				IPHONEOS_DEPLOYMENT_TARGET = 17.0;
				LOCALIZATION_PREFERS_STRING_CATALOGS = YES;
				MTL_ENABLE_DEBUG_INFO = INCLUDE_SOURCE;
				MTL_FAST_MATH = YES;
				ONLY_ACTIVE_ARCH = YES;
				SDKROOT = iphoneos;
				SWIFT_ACTIVE_COMPILATION_CONDITIONS = "DEBUG $(inherited)";
				SWIFT_OPTIMIZATION_LEVEL = "-Onone";
			};
			name = Debug;
		};
		94339A622B2BE271002177C1 /* Release */ = {
			isa = XCBuildConfiguration;
			baseConfigurationReference = 2BA1F183FACB1962B895B550 /* Release.xcconfig */;
			buildSettings = {
				ALWAYS_SEARCH_USER_PATHS = NO;
				ASSETCATALOG_COMPILER_GENERATE_SWIFT_ASSET_SYMBOL_EXTENSIONS = YES;
				CLANG_ANALYZER_NONNULL = YES;
				CLANG_ANALYZER_NUMBER_OBJECT_CONVERSION = YES_AGGRESSIVE;
				CLANG_CXX_LANGUAGE_STANDARD = "gnu++20";
				CLANG_ENABLE_MODULES = YES;
				CLANG_ENABLE_OBJC_ARC = YES;
				CLANG_ENABLE_OBJC_WEAK = YES;
				CLANG_WARN_BLOCK_CAPTURE_AUTORELEASING = YES;
				CLANG_WARN_BOOL_CONVERSION = YES;
				CLANG_WARN_COMMA = YES;
				CLANG_WARN_CONSTANT_CONVERSION = YES;
				CLANG_WARN_DEPRECATED_OBJC_IMPLEMENTATIONS = YES;
				CLANG_WARN_DIRECT_OBJC_ISA_USAGE = YES_ERROR;
				CLANG_WARN_DOCUMENTATION_COMMENTS = YES;
				CLANG_WARN_EMPTY_BODY = YES;
				CLANG_WARN_ENUM_CONVERSION = YES;
				CLANG_WARN_INFINITE_RECURSION = YES;
				CLANG_WARN_INT_CONVERSION = YES;
				CLANG_WARN_NON_LITERAL_NULL_CONVERSION = YES;
				CLANG_WARN_OBJC_IMPLICIT_RETAIN_SELF = YES;
				CLANG_WARN_OBJC_LITERAL_CONVERSION = YES;
				CLANG_WARN_OBJC_ROOT_CLASS = YES_ERROR;
				CLANG_WARN_QUOTED_INCLUDE_IN_FRAMEWORK_HEADER = YES;
				CLANG_WARN_RANGE_LOOP_ANALYSIS = YES;
				CLANG_WARN_STRICT_PROTOTYPES = YES;
				CLANG_WARN_SUSPICIOUS_MOVE = YES;
				CLANG_WARN_UNGUARDED_AVAILABILITY = YES_AGGRESSIVE;
				CLANG_WARN_UNREACHABLE_CODE = YES;
				CLANG_WARN__DUPLICATE_METHOD_MATCH = YES;
				COPY_PHASE_STRIP = NO;
				DEBUG_INFORMATION_FORMAT = "dwarf-with-dsym";
				ENABLE_NS_ASSERTIONS = NO;
				ENABLE_STRICT_OBJC_MSGSEND = YES;
				ENABLE_USER_SCRIPT_SANDBOXING = YES;
				GCC_C_LANGUAGE_STANDARD = gnu17;
				GCC_NO_COMMON_BLOCKS = YES;
				GCC_WARN_64_TO_32_BIT_CONVERSION = YES;
				GCC_WARN_ABOUT_RETURN_TYPE = YES_ERROR;
				GCC_WARN_UNDECLARED_SELECTOR = YES;
				GCC_WARN_UNINITIALIZED_AUTOS = YES_AGGRESSIVE;
				GCC_WARN_UNUSED_FUNCTION = YES;
				GCC_WARN_UNUSED_VARIABLE = YES;
				IPHONEOS_DEPLOYMENT_TARGET = 17.0;
				LOCALIZATION_PREFERS_STRING_CATALOGS = YES;
				MTL_ENABLE_DEBUG_INFO = NO;
				MTL_FAST_MATH = YES;
				SDKROOT = iphoneos;
				SWIFT_COMPILATION_MODE = wholemodule;
				VALIDATE_PRODUCT = YES;
			};
			name = Release;
		};
		94339A642B2BE271002177C1 /* Debug */ = {
			isa = XCBuildConfiguration;
			baseConfigurationReference = A658788DFD22BBB65D68B968 /* Pods-smap.debug.xcconfig */;
			buildSettings = {
				ASSETCATALOG_COMPILER_APPICON_NAME = AppIcon;
				ASSETCATALOG_COMPILER_GLOBAL_ACCENT_COLOR_NAME = AccentColor;
				CODE_SIGN_ENTITLEMENTS = smap/smap.entitlements;
				CODE_SIGN_IDENTITY = "Apple Development";
				CODE_SIGN_STYLE = Automatic;
				CURRENT_PROJECT_VERSION = 5;
				DEVELOPMENT_TEAM = ZVXXRV5MTP;
				ENABLE_USER_SCRIPT_SANDBOXING = NO;
				GENERATE_INFOPLIST_FILE = NO;
				INFOPLIST_FILE = smap/Info.plist;
				INFOPLIST_KEY_CFBundleDisplayName = smap;
				INFOPLIST_KEY_LSApplicationCategoryType = "";
				INFOPLIST_KEY_NSCameraUsageDescription = "${NSCameraUsageDescription}";
				INFOPLIST_KEY_NSLocationAlwaysAndWhenInUseUsageDescription = "${NSLocationAlwaysAndWhenInUseUsageDescription}";
				INFOPLIST_KEY_NSLocationAlwaysUsageDescription = "${NSLocationAlwaysUsageDescription}";
				INFOPLIST_KEY_NSLocationWhenInUseUsageDescription = "${NSLocationWhenInUseUsageDescription}";
				INFOPLIST_KEY_NSMicrophoneUsageDescription = "${NSMicrophoneUsageDescription}";
				INFOPLIST_KEY_NSMotionUsageDescription = "${NSMotionUsageDescription}";
				INFOPLIST_KEY_NSPhotoLibraryUsageDescription = "${NSPhotoLibraryUsageDescription}";
				INFOPLIST_KEY_UIApplicationSupportsIndirectInputEvents = YES;
				INFOPLIST_KEY_UILaunchStoryboardName = LaunchScreen;
				INFOPLIST_KEY_UIRequiresFullScreen = YES;
				INFOPLIST_KEY_UISupportedInterfaceOrientations = UIInterfaceOrientationPortrait;
				IPHONEOS_DEPLOYMENT_TARGET = 17.0;
				LD_RUNPATH_SEARCH_PATHS = (
					"$(inherited)",
					"@executable_path/Frameworks",
				);
				MARKETING_VERSION = 3.0.4;
				PRODUCT_BUNDLE_IDENTIFIER = com.dmonster.smap;
				PRODUCT_NAME = "$(TARGET_NAME)";
				PROVISIONING_PROFILE_SPECIFIER = "";
				SUPPORTED_PLATFORMS = "iphoneos iphonesimulator";
				SUPPORTS_MACCATALYST = NO;
				SUPPORTS_MAC_DESIGNED_FOR_IPHONE_IPAD = NO;
				SUPPORTS_XR_DESIGNED_FOR_IPHONE_IPAD = NO;
				SWIFT_EMIT_LOC_STRINGS = YES;
				SWIFT_VERSION = 5.0;
				TARGETED_DEVICE_FAMILY = "1,2";
			};
			name = Debug;
		};
		94339A652B2BE271002177C1 /* Release */ = {
			isa = XCBuildConfiguration;
			baseConfigurationReference = EA7E3CC88DCEADC59E0D5E35 /* Pods-smap.release.xcconfig */;
			buildSettings = {
				ASSETCATALOG_COMPILER_APPICON_NAME = AppIcon;
				ASSETCATALOG_COMPILER_GLOBAL_ACCENT_COLOR_NAME = AccentColor;
				CODE_SIGN_ENTITLEMENTS = smap/smap.entitlements;
				CODE_SIGN_IDENTITY = "Apple Development";
				CODE_SIGN_STYLE = Automatic;
				CURRENT_PROJECT_VERSION = 5;
				DEBUG_INFORMATION_FORMAT = "dwarf-with-dsym";
				DEVELOPMENT_TEAM = ZVXXRV5MTP;
				ENABLE_USER_SCRIPT_SANDBOXING = NO;
				GENERATE_INFOPLIST_FILE = NO;
				INFOPLIST_FILE = smap/Info.plist;
				INFOPLIST_KEY_CFBundleDisplayName = smap;
				INFOPLIST_KEY_LSApplicationCategoryType = "";
				INFOPLIST_KEY_NSCameraUsageDescription = "${NSCameraUsageDescription}";
				INFOPLIST_KEY_NSLocationAlwaysAndWhenInUseUsageDescription = "${NSLocationAlwaysAndWhenInUseUsageDescription}";
				INFOPLIST_KEY_NSLocationAlwaysUsageDescription = "${NSLocationAlwaysUsageDescription}";
				INFOPLIST_KEY_NSLocationWhenInUseUsageDescription = "${NSLocationWhenInUseUsageDescription}";
				INFOPLIST_KEY_NSMicrophoneUsageDescription = "${NSMicrophoneUsageDescription}";
				INFOPLIST_KEY_NSMotionUsageDescription = "${NSMotionUsageDescription}";
				INFOPLIST_KEY_NSPhotoLibraryUsageDescription = "${NSPhotoLibraryUsageDescription}";
				INFOPLIST_KEY_UIApplicationSupportsIndirectInputEvents = YES;
				INFOPLIST_KEY_UILaunchStoryboardName = LaunchScreen;
				INFOPLIST_KEY_UIRequiresFullScreen = YES;
				INFOPLIST_KEY_UISupportedInterfaceOrientations = UIInterfaceOrientationPortrait;
				IPHONEOS_DEPLOYMENT_TARGET = 17.0;
				LD_RUNPATH_SEARCH_PATHS = (
					"$(inherited)",
					"@executable_path/Frameworks",
				);
				MARKETING_VERSION = 3.0.4;
				PRODUCT_BUNDLE_IDENTIFIER = com.dmonster.smap;
				PRODUCT_NAME = "$(TARGET_NAME)";
				PROVISIONING_PROFILE_SPECIFIER = "";
				SUPPORTED_PLATFORMS = "iphoneos iphonesimulator";
				SUPPORTS_MACCATALYST = NO;
				SUPPORTS_MAC_DESIGNED_FOR_IPHONE_IPAD = NO;
				SUPPORTS_XR_DESIGNED_FOR_IPHONE_IPAD = NO;
				SWIFT_EMIT_LOC_STRINGS = YES;
				SWIFT_VERSION = 5.0;
				TARGETED_DEVICE_FAMILY = "1,2";
			};
			name = Release;
		};
		E76EE58823D3F563A36B1698 /* Debug */ = {
			isa = XCBuildConfiguration;
			baseConfigurationReference = 4C4397311CA36B89D18C465F /* Pods-smapTests.debug.xcconfig */;
			buildSettings = {
				BUNDLE_LOADER = "$(TEST_HOST)";
				CODE_SIGN_STYLE = Automatic;
				GENERATE_INFOPLIST_FILE = YES;
				INFOPLIST_FILE = "";
				IPHONEOS_DEPLOYMENT_TARGET = 17.0;
				PRODUCT_BUNDLE_IDENTIFIER = com.dmonster.smapTests;
				PRODUCT_NAME = smapTests;
				SDKROOT = iphoneos;
				SWIFT_VERSION = 5.0;
				TEST_HOST = "$(BUILT_PRODUCTS_DIR)/smap.app/$(BUNDLE_EXECUTABLE_FOLDER_PATH)/smap";
			};
			name = Debug;
		};
		F7CDC6FB23954CAC4F76430B /* Release */ = {
			isa = XCBuildConfiguration;
			baseConfigurationReference = 1543F20C479DC08F43430167 /* Pods-smapTests.release.xcconfig */;
			buildSettings = {
				BUNDLE_LOADER = "$(TEST_HOST)";
				CODE_SIGN_STYLE = Automatic;
				GENERATE_INFOPLIST_FILE = YES;
				INFOPLIST_FILE = "";
				IPHONEOS_DEPLOYMENT_TARGET = 17.0;
				PRODUCT_BUNDLE_IDENTIFIER = com.dmonster.smapTests;
				PRODUCT_NAME = smapTests;
				SDKROOT = iphoneos;
				SWIFT_VERSION = 5.0;
				TEST_HOST = "$(BUILT_PRODUCTS_DIR)/smap.app/$(BUNDLE_EXECUTABLE_FOLDER_PATH)/smap";
			};
			name = Release;
		};
/* End XCBuildConfiguration section */

/* Begin XCConfigurationList section */
		16256502FD04D85F72A2CE62 /* Build configuration list for PBXNativeTarget "smapTests" */ = {
			isa = XCConfigurationList;
			buildConfigurations = (
				F7CDC6FB23954CAC4F76430B /* Release */,
				E76EE58823D3F563A36B1698 /* Debug */,
			);
			defaultConfigurationIsVisible = 0;
			defaultConfigurationName = Release;
		};
		94339A4A2B2BE26F002177C1 /* Build configuration list for PBXProject "smap" */ = {
			isa = XCConfigurationList;
			buildConfigurations = (
				94339A612B2BE271002177C1 /* Debug */,
				94339A622B2BE271002177C1 /* Release */,
			);
			defaultConfigurationIsVisible = 0;
			defaultConfigurationName = Release;
		};
		94339A632B2BE271002177C1 /* Build configuration list for PBXNativeTarget "smap" */ = {
			isa = XCConfigurationList;
			buildConfigurations = (
				94339A642B2BE271002177C1 /* Debug */,
				94339A652B2BE271002177C1 /* Release */,
			);
			defaultConfigurationIsVisible = 0;
			defaultConfigurationName = Release;
		};
/* End XCConfigurationList section */
	};
	rootObject = 94339A472B2BE26F002177C1 /* Project object */;
}
