PODS:
  - Alamofire (5.9.0)
  - AppAuth (1.7.6):
    - AppAuth/Core (= 1.7.6)
    - AppAuth/ExternalUserAgent (= 1.7.6)
  - AppAuth/Core (1.7.6)
  - AppAuth/ExternalUserAgent (1.7.6):
    - AppAuth/Core
  - Firebase/Auth (10.22.0):
    - Firebase/CoreOnly
    - FirebaseAuth (~> 10.22.0)
  - Firebase/Core (10.22.0):
    - Firebase/CoreOnly
    - FirebaseAnalytics (~> 10.22.0)
  - Firebase/CoreOnly (10.22.0):
    - FirebaseCore (= 10.22.0)
  - Firebase/Messaging (10.22.0):
    - Firebase/CoreOnly
    - FirebaseMessaging (~> 10.22.0)
  - FirebaseAnalytics (10.22.0):
    - FirebaseAnalytics/AdIdSupport (= 10.22.0)
    - FirebaseCore (~> 10.0)
    - FirebaseInstallations (~> 10.0)
    - GoogleUtilities/AppDelegateSwizzler (~> 7.11)
    - GoogleUtilities/MethodSwizzler (~> 7.11)
    - GoogleUtilities/Network (~> 7.11)
    - "GoogleUtilities/NSData+zlib (~> 7.11)"
    - nanopb (< 2.30911.0, >= 2.30908.0)
  - FirebaseAnalytics/AdIdSupport (10.22.0):
    - FirebaseCore (~> 10.0)
    - FirebaseInstallations (~> 10.0)
    - GoogleAppMeasurement (= 10.22.0)
    - GoogleUtilities/AppDelegateSwizzler (~> 7.11)
    - GoogleUtilities/MethodSwizzler (~> 7.11)
    - GoogleUtilities/Network (~> 7.11)
    - "GoogleUtilities/NSData+zlib (~> 7.11)"
    - nanopb (< 2.30911.0, >= 2.30908.0)
  - FirebaseAppCheckInterop (10.22.0)
  - FirebaseAuth (10.22.0):
    - FirebaseAppCheckInterop (~> 10.17)
    - FirebaseCore (~> 10.0)
    - GoogleUtilities/AppDelegateSwizzler (~> 7.8)
    - GoogleUtilities/Environment (~> 7.8)
    - GTMSessionFetcher/Core (< 4.0, >= 2.1)
    - RecaptchaInterop (~> 100.0)
  - FirebaseCore (10.22.0):
    - FirebaseCoreInternal (~> 10.0)
    - GoogleUtilities/Environment (~> 7.12)
    - GoogleUtilities/Logger (~> 7.12)
  - FirebaseCoreInternal (10.22.0):
    - "GoogleUtilities/NSData+zlib (~> 7.8)"
  - FirebaseInstallations (10.22.0):
    - FirebaseCore (~> 10.0)
    - GoogleUtilities/Environment (~> 7.8)
    - GoogleUtilities/UserDefaults (~> 7.8)
    - PromisesObjC (~> 2.1)
  - FirebaseMessaging (10.22.0):
    - FirebaseCore (~> 10.0)
    - FirebaseInstallations (~> 10.0)
    - GoogleDataTransport (~> 9.3)
    - GoogleUtilities/AppDelegateSwizzler (~> 7.8)
    - GoogleUtilities/Environment (~> 7.8)
    - GoogleUtilities/Reachability (~> 7.8)
    - GoogleUtilities/UserDefaults (~> 7.8)
    - nanopb (< 2.30911.0, >= 2.30908.0)
  - GoogleAppMeasurement (10.22.0):
    - GoogleAppMeasurement/AdIdSupport (= 10.22.0)
    - GoogleUtilities/AppDelegateSwizzler (~> 7.11)
    - GoogleUtilities/MethodSwizzler (~> 7.11)
    - GoogleUtilities/Network (~> 7.11)
    - "GoogleUtilities/NSData+zlib (~> 7.11)"
    - nanopb (< 2.30911.0, >= 2.30908.0)
  - GoogleAppMeasurement/AdIdSupport (10.22.0):
    - GoogleAppMeasurement/WithoutAdIdSupport (= 10.22.0)
    - GoogleUtilities/AppDelegateSwizzler (~> 7.11)
    - GoogleUtilities/MethodSwizzler (~> 7.11)
    - GoogleUtilities/Network (~> 7.11)
    - "GoogleUtilities/NSData+zlib (~> 7.11)"
    - nanopb (< 2.30911.0, >= 2.30908.0)
  - GoogleAppMeasurement/WithoutAdIdSupport (10.22.0):
    - GoogleUtilities/AppDelegateSwizzler (~> 7.11)
    - GoogleUtilities/MethodSwizzler (~> 7.11)
    - GoogleUtilities/Network (~> 7.11)
    - "GoogleUtilities/NSData+zlib (~> 7.11)"
    - nanopb (< 2.30911.0, >= 2.30908.0)
  - GoogleDataTransport (9.4.1):
    - GoogleUtilities/Environment (~> 7.7)
    - nanopb (< 2.30911.0, >= 2.30908.0)
    - PromisesObjC (< 3.0, >= 1.2)
  - GoogleSignIn (7.1.0):
    - AppAuth (< 2.0, >= 1.7.3)
    - GTMAppAuth (< 5.0, >= 4.1.1)
    - GTMSessionFetcher/Core (~> 3.3)
  - GoogleUtilities/AppDelegateSwizzler (7.13.0):
    - GoogleUtilities/Environment
    - GoogleUtilities/Logger
    - GoogleUtilities/Network
    - GoogleUtilities/Privacy
  - GoogleUtilities/Environment (7.13.0):
    - GoogleUtilities/Privacy
    - PromisesObjC (< 3.0, >= 1.2)
  - GoogleUtilities/Logger (7.13.0):
    - GoogleUtilities/Environment
    - GoogleUtilities/Privacy
  - GoogleUtilities/MethodSwizzler (7.13.0):
    - GoogleUtilities/Logger
    - GoogleUtilities/Privacy
  - GoogleUtilities/Network (7.13.0):
    - GoogleUtilities/Logger
    - "GoogleUtilities/NSData+zlib"
    - GoogleUtilities/Privacy
    - GoogleUtilities/Reachability
  - "GoogleUtilities/NSData+zlib (7.13.0)":
    - GoogleUtilities/Privacy
  - GoogleUtilities/Privacy (7.13.0)
  - GoogleUtilities/Reachability (7.13.0):
    - GoogleUtilities/Logger
    - GoogleUtilities/Privacy
  - GoogleUtilities/UserDefaults (7.13.0):
    - GoogleUtilities/Logger
    - GoogleUtilities/Privacy
  - GTMAppAuth (4.1.1):
    - AppAuth/Core (~> 1.7)
    - GTMSessionFetcher/Core (< 4.0, >= 3.3)
  - GTMSessionFetcher/Core (3.3.1)
  - IQKeyboardManagerSwift (7.0.1)
  - KakaoSDKAuth (2.22.7):
    - KakaoSDKCommon (= 2.22.7)
  - KakaoSDKCommon (2.22.7):
    - KakaoSDKCommon/Common (= 2.22.7)
    - KakaoSDKCommon/Network (= 2.22.7)
  - KakaoSDKCommon/Common (2.22.7)
  - KakaoSDKCommon/Network (2.22.7):
    - Alamofire (~> 5.9.0)
    - KakaoSDKCommon/Common (= 2.22.7)
  - KakaoSDKUser (2.22.7):
    - KakaoSDKAuth (= 2.22.7)
  - nanopb (2.30910.0):
    - nanopb/decode (= 2.30910.0)
    - nanopb/encode (= 2.30910.0)
  - nanopb/decode (2.30910.0)
  - nanopb/encode (2.30910.0)
  - PromisesObjC (2.4.0)
  - RecaptchaInterop (100.0.0)
  - SDWebImage (5.21.1):
    - SDWebImage/Core (= 5.21.1)
  - SDWebImage/Core (5.21.1)
  - SnackBar.swift (0.1.0):
    - SnapKit
  - SnapKit (5.7.1)
  - SwiftyStoreKit (0.16.1)

DEPENDENCIES:
  - Alamofire (~> 5.5)
  - AppAuth (~> 1.7)
  - Firebase/Auth
  - Firebase/Core
  - Firebase/Messaging
  - GoogleSignIn (~> 7.0)
  - IQKeyboardManagerSwift
  - KakaoSDKAuth (~> 2.22)
  - KakaoSDKCommon (~> 2.22)
  - KakaoSDKUser (~> 2.22)
  - SDWebImage (~> 5.0)
  - SnackBar.swift
  - SwiftyStoreKit

SPEC REPOS:
  trunk:
    - Alamofire
    - AppAuth
    - Firebase
    - FirebaseAnalytics
    - FirebaseAppCheckInterop
    - FirebaseAuth
    - FirebaseCore
    - FirebaseCoreInternal
    - FirebaseInstallations
    - FirebaseMessaging
    - GoogleAppMeasurement
    - GoogleDataTransport
    - GoogleSignIn
    - GoogleUtilities
    - GTMAppAuth
    - GTMSessionFetcher
    - IQKeyboardManagerSwift
    - KakaoSDKAuth
    - KakaoSDKCommon
    - KakaoSDKUser
    - nanopb
    - PromisesObjC
    - RecaptchaInterop
    - SDWebImage
    - SnackBar.swift
    - SnapKit
    - SwiftyStoreKit

SPEC CHECKSUMS:
  Alamofire: 02b772c9910e8eba1a079227c32fbd9e46c90a24
  AppAuth: d4f13a8fe0baf391b2108511793e4b479691fb73
  Firebase: 797fd7297b7e1be954432743a0b3f90038e45a71
  FirebaseAnalytics: 8d0ff929c63b7f72260f332b86ccf569776b75d3
  FirebaseAppCheckInterop: 58db3e9494751399cf3e7b7e3e705cff71099153
  FirebaseAuth: bbe4c68f958504ba9e54aee181adbdf5b664fbc6
  FirebaseCore: 0326ec9b05fbed8f8716cddbf0e36894a13837f7
  FirebaseCoreInternal: bca337352024b18424a61e478460547d46c4c753
  FirebaseInstallations: 763814908793c0da14c18b3dcffdec71e29ed55e
  FirebaseMessaging: 9f71037fd9db3376a4caa54e5a3949d1027b4b6e
  GoogleAppMeasurement: ccefe3eac9b0aa27f96066809fb1a7fe4b462626
  GoogleDataTransport: 6c09b596d841063d76d4288cc2d2f42cc36e1e2a
  GoogleSignIn: d4281ab6cf21542b1cfaff85c191f230b399d2db
  GoogleUtilities: d053d902a8edaa9904e1bd00c37535385b8ed152
  GTMAppAuth: f69bd07d68cd3b766125f7e072c45d7340dea0de
  GTMSessionFetcher: 8a1b34ad97ebe6f909fb8b9b77fba99943007556
  IQKeyboardManagerSwift: 7f6b1b1d1497855d2beea7f2f10ffcc6978525b1
  KakaoSDKAuth: 45204252ff7c379c0f86c5573f97ec36885afca0
  KakaoSDKCommon: 132164a6bac8bcd3a4346d3bf777f34f8f39fdca
  KakaoSDKUser: 4c9cf1da78710d19d0b2c2dd32d1a44c544cdfa4
  nanopb: 438bc412db1928dac798aa6fd75726007be04262
  PromisesObjC: f5707f49cb48b9636751c5b2e7d227e43fba9f47
  RecaptchaInterop: 7d1a4a01a6b2cb1610a47ef3f85f0c411434cb21
  SDWebImage: f29024626962457f3470184232766516dee8dfea
  SnackBar.swift: 79ea4df13ea9e6633137dd6acbd490534d26440d
  SnapKit: d612e99e678a2d3b95bf60b0705ed0a35c03484a
  SwiftyStoreKit: 6b9c08810269f030586dac1fae8e75871a82e84a

PODFILE CHECKSUM: fffe7651805fa25428a7cdb21a0c5d967fed7561

COCOAPODS: 1.15.2
